// !$*UTF8*$!
{
	archiveVersion = 1;
	classes = {
	};
	objectVersion = 56;
	objects = {

/* Begin PBXBuildFile section */
		C6221B092C2F23D2001C8349 /* FructusApp.swift in Sources */ = {isa = PBXBuildFile; fileRef = C6221B082C2F23D2001C8349 /* FructusApp.swift */; };
		C6221B0B2C2F23D2001C8349 /* ContentView.swift in Sources */ = {isa = PBXBuildFile; fileRef = C6221B0A2C2F23D2001C8349 /* ContentView.swift */; };
		C6221B0D2C2F23D4001C8349 /* Assets.xcassets in Resources */ = {isa = PBXBuildFile; fileRef = C6221B0C2C2F23D4001C8349 /* Assets.xcassets */; };
		C6221B102C2F23D4001C8349 /* Preview Assets.xcassets in Resources */ = {isa = PBXBuildFile; fileRef = C6221B0F2C2F23D4001C8349 /* Preview Assets.xcassets */; };
		C6221B172C2F2A09001C8349 /* FruitCardView.swift in Sources */ = {isa = PBXBuildFile; fileRef = C6221B162C2F2A09001C8349 /* FruitCardView.swift */; };
		C6221B1A2C2F2E3F001C8349 /* StartButtonView.swift in Sources */ = {isa = PBXBuildFile; fileRef = C6221B192C2F2E3F001C8349 /* StartButtonView.swift */; };
		C6221B1C2C2F3249001C8349 /* Onboarding.swift in Sources */ = {isa = PBXBuildFile; fileRef = C6221B1B2C2F3249001C8349 /* Onboarding.swift */; };
		C6221B1E2C2F351B001C8349 /* FruitModel.swift in Sources */ = {isa = PBXBuildFile; fileRef = C6221B1D2C2F351B001C8349 /* FruitModel.swift */; };
		C6221B202C2F352C001C8349 /* FruitData.swift in Sources */ = {isa = PBXBuildFile; fileRef = C6221B1F2C2F352C001C8349 /* FruitData.swift */; };
		C6221B242C2F4036001C8349 /* FruitRowView.swift in Sources */ = {isa = PBXBuildFile; fileRef = C6221B232C2F4036001C8349 /* FruitRowView.swift */; };
		C6221B272C2F4794001C8349 /* FruitDetailView.swift in Sources */ = {isa = PBXBuildFile; fileRef = C6221B262C2F4794001C8349 /* FruitDetailView.swift */; };
		C6221B292C2F501F001C8349 /* FruitHeaderView.swift in Sources */ = {isa = PBXBuildFile; fileRef = C6221B282C2F501F001C8349 /* FruitHeaderView.swift */; };
		C6221B2B2C2F53AE001C8349 /* SourceLinkView.swift in Sources */ = {isa = PBXBuildFile; fileRef = C6221B2A2C2F53AE001C8349 /* SourceLinkView.swift */; };
		C6221B2D2C2F55E1001C8349 /* FruitNutrientsView.swift in Sources */ = {isa = PBXBuildFile; fileRef = C6221B2C2C2F55E1001C8349 /* FruitNutrientsView.swift */; };
		C6221B2F2C2F6FC8001C8349 /* SettingsView.swift in Sources */ = {isa = PBXBuildFile; fileRef = C6221B2E2C2F6FC8001C8349 /* SettingsView.swift */; };
		C6221B312C2F74AB001C8349 /* SettingsLabelView.swift in Sources */ = {isa = PBXBuildFile; fileRef = C6221B302C2F74AB001C8349 /* SettingsLabelView.swift */; };
		C6C2971E2C3460E20026EFD3 /* SettingsRowView.swift in Sources */ = {isa = PBXBuildFile; fileRef = C6C2971D2C3460E20026EFD3 /* SettingsRowView.swift */; };
/* End PBXBuildFile section */

/* Begin PBXFileReference section */
		C6221B052C2F23D2001C8349 /* Fructus.app */ = {isa = PBXFileReference; explicitFileType = wrapper.application; includeInIndex = 0; path = Fructus.app; sourceTree = BUILT_PRODUCTS_DIR; };
		C6221B082C2F23D2001C8349 /* FructusApp.swift */ = {isa = PBXFileReference; lastKnownFileType = sourcecode.swift; path = FructusApp.swift; sourceTree = "<group>"; };
		C6221B0A2C2F23D2001C8349 /* ContentView.swift */ = {isa = PBXFileReference; lastKnownFileType = sourcecode.swift; path = ContentView.swift; sourceTree = "<group>"; };
		C6221B0C2C2F23D4001C8349 /* Assets.xcassets */ = {isa = PBXFileReference; lastKnownFileType = folder.assetcatalog; path = Assets.xcassets; sourceTree = "<group>"; };
		C6221B0F2C2F23D4001C8349 /* Preview Assets.xcassets */ = {isa = PBXFileReference; lastKnownFileType = folder.assetcatalog; path = "Preview Assets.xcassets"; sourceTree = "<group>"; };
		C6221B162C2F2A09001C8349 /* FruitCardView.swift */ = {isa = PBXFileReference; lastKnownFileType = sourcecode.swift; path = FruitCardView.swift; sourceTree = "<group>"; };
		C6221B192C2F2E3F001C8349 /* StartButtonView.swift */ = {isa = PBXFileReference; lastKnownFileType = sourcecode.swift; path = StartButtonView.swift; sourceTree = "<group>"; };
		C6221B1B2C2F3249001C8349 /* Onboarding.swift */ = {isa = PBXFileReference; lastKnownFileType = sourcecode.swift; path = Onboarding.swift; sourceTree = "<group>"; };
		C6221B1D2C2F351B001C8349 /* FruitModel.swift */ = {isa = PBXFileReference; lastKnownFileType = sourcecode.swift; path = FruitModel.swift; sourceTree = "<group>"; };
		C6221B1F2C2F352C001C8349 /* FruitData.swift */ = {isa = PBXFileReference; lastKnownFileType = sourcecode.swift; path = FruitData.swift; sourceTree = "<group>"; };
		C6221B232C2F4036001C8349 /* FruitRowView.swift */ = {isa = PBXFileReference; lastKnownFileType = sourcecode.swift; path = FruitRowView.swift; sourceTree = "<group>"; };
		C6221B262C2F4794001C8349 /* FruitDetailView.swift */ = {isa = PBXFileReference; lastKnownFileType = sourcecode.swift; path = FruitDetailView.swift; sourceTree = "<group>"; };
		C6221B282C2F501F001C8349 /* FruitHeaderView.swift */ = {isa = PBXFileReference; lastKnownFileType = sourcecode.swift; path = FruitHeaderView.swift; sourceTree = "<group>"; };
		C6221B2A2C2F53AE001C8349 /* SourceLinkView.swift */ = {isa = PBXFileReference; lastKnownFileType = sourcecode.swift; path = SourceLinkView.swift; sourceTree = "<group>"; };
		C6221B2C2C2F55E1001C8349 /* FruitNutrientsView.swift */ = {isa = PBXFileReference; lastKnownFileType = sourcecode.swift; path = FruitNutrientsView.swift; sourceTree = "<group>"; };
		C6221B2E2C2F6FC8001C8349 /* SettingsView.swift */ = {isa = PBXFileReference; lastKnownFileType = sourcecode.swift; path = SettingsView.swift; sourceTree = "<group>"; };
		C6221B302C2F74AB001C8349 /* SettingsLabelView.swift */ = {isa = PBXFileReference; lastKnownFileType = sourcecode.swift; path = SettingsLabelView.swift; sourceTree = "<group>"; };
		C6C2971D2C3460E20026EFD3 /* SettingsRowView.swift */ = {isa = PBXFileReference; lastKnownFileType = sourcecode.swift; path = SettingsRowView.swift; sourceTree = "<group>"; };
/* End PBXFileReference section */

/* Begin PBXFrameworksBuildPhase section */
		C6221B022C2F23D2001C8349 /* Frameworks */ = {
			isa = PBXFrameworksBuildPhase;
			buildActionMask = 2147483647;
			files = (
			);
			runOnlyForDeploymentPostprocessing = 0;
		};
/* End PBXFrameworksBuildPhase section */

/* Begin PBXGroup section */
		C6221AFC2C2F23D2001C8349 = {
			isa = PBXGroup;
			children = (
				C6221B072C2F23D2001C8349 /* Fructus */,
				C6221B062C2F23D2001C8349 /* Products */,
			);
			sourceTree = "<group>";
		};
		C6221B062C2F23D2001C8349 /* Products */ = {
			isa = PBXGroup;
			children = (
				C6221B052C2F23D2001C8349 /* Fructus.app */,
			);
			name = Products;
			sourceTree = "<group>";
		};
		C6221B072C2F23D2001C8349 /* Fructus */ = {
			isa = PBXGroup;
			children = (
				C6221B252C2F477A001C8349 /* App */,
				C6221B222C2F353B001C8349 /* Data */,
				C6221B212C2F3532001C8349 /* Model */,
				C6221B182C2F2A0E001C8349 /* View */,
				C6221B0C2C2F23D4001C8349 /* Assets.xcassets */,
				C6221B0E2C2F23D4001C8349 /* Preview Content */,
			);
			path = Fructus;
			sourceTree = "<group>";
		};
		C6221B0E2C2F23D4001C8349 /* Preview Content */ = {
			isa = PBXGroup;
			children = (
				C6221B0F2C2F23D4001C8349 /* Preview Assets.xcassets */,
			);
			path = "Preview Content";
			sourceTree = "<group>";
		};
		C6221B182C2F2A0E001C8349 /* View */ = {
			isa = PBXGroup;
			children = (
				C6221B162C2F2A09001C8349 /* FruitCardView.swift */,
				C6221B232C2F4036001C8349 /* FruitRowView.swift */,
				C6221B192C2F2E3F001C8349 /* StartButtonView.swift */,
				C6221B282C2F501F001C8349 /* FruitHeaderView.swift */,
				C6221B2A2C2F53AE001C8349 /* SourceLinkView.swift */,
				C6221B2C2C2F55E1001C8349 /* FruitNutrientsView.swift */,
				C6221B302C2F74AB001C8349 /* SettingsLabelView.swift */,
				C6C2971D2C3460E20026EFD3 /* SettingsRowView.swift */,
			);
			path = View;
			sourceTree = "<group>";
		};
		C6221B212C2F3532001C8349 /* Model */ = {
			isa = PBXGroup;
			children = (
				C6221B1D2C2F351B001C8349 /* FruitModel.swift */,
			);
			path = Model;
			sourceTree = "<group>";
		};
		C6221B222C2F353B001C8349 /* Data */ = {
			isa = PBXGroup;
			children = (
				C6221B1F2C2F352C001C8349 /* FruitData.swift */,
			);
			path = Data;
			sourceTree = "<group>";
		};
		C6221B252C2F477A001C8349 /* App */ = {
			isa = PBXGroup;
			children = (
				C6221B082C2F23D2001C8349 /* FructusApp.swift */,
				C6221B1B2C2F3249001C8349 /* Onboarding.swift */,
				C6221B0A2C2F23D2001C8349 /* ContentView.swift */,
				C6221B262C2F4794001C8349 /* FruitDetailView.swift */,
				C6221B2E2C2F6FC8001C8349 /* SettingsView.swift */,
			);
			path = App;
			sourceTree = "<group>";
		};
/* End PBXGroup section */

/* Begin PBXNativeTarget section */
		C6221B042C2F23D2001C8349 /* Fructus */ = {
			isa = PBXNativeTarget;
			buildConfigurationList = C6221B132C2F23D4001C8349 /* Build configuration list for PBXNativeTarget "Fructus" */;
			buildPhases = (
				C6221B012C2F23D2001C8349 /* Sources */,
				C6221B022C2F23D2001C8349 /* Frameworks */,
				C6221B032C2F23D2001C8349 /* Resources */,
			);
			buildRules = (
			);
			dependencies = (
			);
			name = Fructus;
			productName = Fructus;
			productReference = C6221B052C2F23D2001C8349 /* Fructus.app */;
			productType = "com.apple.product-type.application";
		};
/* End PBXNativeTarget section */

/* Begin PBXProject section */
		C6221AFD2C2F23D2001C8349 /* Project object */ = {
			isa = PBXProject;
			attributes = {
				BuildIndependentTargetsInParallel = 1;
				LastSwiftUpdateCheck = 1520;
				LastUpgradeCheck = 1520;
				TargetAttributes = {
					C6221B042C2F23D2001C8349 = {
						CreatedOnToolsVersion = 15.2;
					};
				};
			};
			buildConfigurationList = C6221B002C2F23D2001C8349 /* Build configuration list for PBXProject "Fructus" */;
			compatibilityVersion = "Xcode 14.0";
			developmentRegion = en;
			hasScannedForEncodings = 0;
			knownRegions = (
				en,
				Base,
			);
			mainGroup = C6221AFC2C2F23D2001C8349;
			productRefGroup = C6221B062C2F23D2001C8349 /* Products */;
			projectDirPath = "";
			projectRoot = "";
			targets = (
				C6221B042C2F23D2001C8349 /* Fructus */,
			);
		};
/* End PBXProject section */

/* Begin PBXResourcesBuildPhase section */
		C6221B032C2F23D2001C8349 /* Resources */ = {
			isa = PBXResourcesBuildPhase;
			buildActionMask = 2147483647;
			files = (
				C6221B102C2F23D4001C8349 /* Preview Assets.xcassets in Resources */,
				C6221B0D2C2F23D4001C8349 /* Assets.xcassets in Resources */,
			);
			runOnlyForDeploymentPostprocessing = 0;
		};
/* End PBXResourcesBuildPhase section */

/* Begin PBXSourcesBuildPhase section */
		C6221B012C2F23D2001C8349 /* Sources */ = {
			isa = PBXSourcesBuildPhase;
			buildActionMask = 2147483647;
			files = (
				C6221B202C2F352C001C8349 /* FruitData.swift in Sources */,
				C6221B2B2C2F53AE001C8349 /* SourceLinkView.swift in Sources */,
				C6C2971E2C3460E20026EFD3 /* SettingsRowView.swift in Sources */,
				C6221B172C2F2A09001C8349 /* FruitCardView.swift in Sources */,
				C6221B242C2F4036001C8349 /* FruitRowView.swift in Sources */,
				C6221B2D2C2F55E1001C8349 /* FruitNutrientsView.swift in Sources */,
				C6221B1A2C2F2E3F001C8349 /* StartButtonView.swift in Sources */,
				C6221B272C2F4794001C8349 /* FruitDetailView.swift in Sources */,
				C6221B1C2C2F3249001C8349 /* Onboarding.swift in Sources */,
				C6221B292C2F501F001C8349 /* FruitHeaderView.swift in Sources */,
				C6221B0B2C2F23D2001C8349 /* ContentView.swift in Sources */,
				C6221B312C2F74AB001C8349 /* SettingsLabelView.swift in Sources */,
				C6221B1E2C2F351B001C8349 /* FruitModel.swift in Sources */,
				C6221B092C2F23D2001C8349 /* FructusApp.swift in Sources */,
				C6221B2F2C2F6FC8001C8349 /* SettingsView.swift in Sources */,
			);
			runOnlyForDeploymentPostprocessing = 0;
		};
/* End PBXSourcesBuildPhase section */

/* Begin XCBuildConfiguration section */
		C6221B112C2F23D4001C8349 /* Debug */ = {
			isa = XCBuildConfiguration;
			buildSettings = {
				ALWAYS_SEARCH_USER_PATHS = NO;
				ASSETCATALOG_COMPILER_GENERATE_SWIFT_ASSET_SYMBOL_EXTENSIONS = YES;
				CLANG_ANALYZER_NONNULL = YES;
				CLANG_ANALYZER_NUMBER_OBJECT_CONVERSION = YES_AGGRESSIVE;
				CLANG_CXX_LANGUAGE_STANDARD = "gnu++20";
				CLANG_ENABLE_MODULES = YES;
				CLANG_ENABLE_OBJC_ARC = YES;
				CLANG_ENABLE_OBJC_WEAK = YES;
				CLANG_WARN_BLOCK_CAPTURE_AUTORELEASING = YES;
				CLANG_WARN_BOOL_CONVERSION = YES;
				CLANG_WARN_COMMA = YES;
				CLANG_WARN_CONSTANT_CONVERSION = YES;
				CLANG_WARN_DEPRECATED_OBJC_IMPLEMENTATIONS = YES;
				CLANG_WARN_DIRECT_OBJC_ISA_USAGE = YES_ERROR;
				CLANG_WARN_DOCUMENTATION_COMMENTS = YES;
				CLANG_WARN_EMPTY_BODY = YES;
				CLANG_WARN_ENUM_CONVERSION = YES;
				CLANG_WARN_INFINITE_RECURSION = YES;
				CLANG_WARN_INT_CONVERSION = YES;
				CLANG_WARN_NON_LITERAL_NULL_CONVERSION = YES;
				CLANG_WARN_OBJC_IMPLICIT_RETAIN_SELF = YES;
				CLANG_WARN_OBJC_LITERAL_CONVERSION = YES;
				CLANG_WARN_OBJC_ROOT_CLASS = YES_ERROR;
				CLANG_WARN_QUOTED_INCLUDE_IN_FRAMEWORK_HEADER = YES;
				CLANG_WARN_RANGE_LOOP_ANALYSIS = YES;
				CLANG_WARN_STRICT_PROTOTYPES = YES;
				CLANG_WARN_SUSPICIOUS_MOVE = YES;
				CLANG_WARN_UNGUARDED_AVAILABILITY = YES_AGGRESSIVE;
				CLANG_WARN_UNREACHABLE_CODE = YES;
				CLANG_WARN__DUPLICATE_METHOD_MATCH = YES;
				COPY_PHASE_STRIP = NO;
				DEBUG_INFORMATION_FORMAT = dwarf;
				ENABLE_STRICT_OBJC_MSGSEND = YES;
				ENABLE_TESTABILITY = YES;
				ENABLE_USER_SCRIPT_SANDBOXING = YES;
				GCC_C_LANGUAGE_STANDARD = gnu17;
				GCC_DYNAMIC_NO_PIC = NO;
				GCC_NO_COMMON_BLOCKS = YES;
				GCC_OPTIMIZATION_LEVEL = 0;
				GCC_PREPROCESSOR_DEFINITIONS = (
					"DEBUG=1",
					"$(inherited)",
				);
				GCC_WARN_64_TO_32_BIT_CONVERSION = YES;
				GCC_WARN_ABOUT_RETURN_TYPE = YES_ERROR;
				GCC_WARN_UNDECLARED_SELECTOR = YES;
				GCC_WARN_UNINITIALIZED_AUTOS = YES_AGGRESSIVE;
				GCC_WARN_UNUSED_FUNCTION = YES;
				GCC_WARN_UNUSED_VARIABLE = YES;
				IPHONEOS_DEPLOYMENT_TARGET = 17.2;
				LOCALIZATION_PREFERS_STRING_CATALOGS = YES;
				MTL_ENABLE_DEBUG_INFO = INCLUDE_SOURCE;
				MTL_FAST_MATH = YES;
				ONLY_ACTIVE_ARCH = YES;
				SDKROOT = iphoneos;
				SWIFT_ACTIVE_COMPILATION_CONDITIONS = "DEBUG $(inherited)";
				SWIFT_OPTIMIZATION_LEVEL = "-Onone";
			};
			name = Debug;
		};
		C6221B122C2F23D4001C8349 /* Release */ = {
			isa = XCBuildConfiguration;
			buildSettings = {
				ALWAYS_SEARCH_USER_PATHS = NO;
				ASSETCATALOG_COMPILER_GENERATE_SWIFT_ASSET_SYMBOL_EXTENSIONS = YES;
				CLANG_ANALYZER_NONNULL = YES;
				CLANG_ANALYZER_NUMBER_OBJECT_CONVERSION = YES_AGGRESSIVE;
				CLANG_CXX_LANGUAGE_STANDARD = "gnu++20";
				CLANG_ENABLE_MODULES = YES;
				CLANG_ENABLE_OBJC_ARC = YES;
				CLANG_ENABLE_OBJC_WEAK = YES;
				CLANG_WARN_BLOCK_CAPTURE_AUTORELEASING = YES;
				CLANG_WARN_BOOL_CONVERSION = YES;
				CLANG_WARN_COMMA = YES;
				CLANG_WARN_CONSTANT_CONVERSION = YES;
				CLANG_WARN_DEPRECATED_OBJC_IMPLEMENTATIONS = YES;
				CLANG_WARN_DIRECT_OBJC_ISA_USAGE = YES_ERROR;
				CLANG_WARN_DOCUMENTATION_COMMENTS = YES;
				CLANG_WARN_EMPTY_BODY = YES;
				CLANG_WARN_ENUM_CONVERSION = YES;
				CLANG_WARN_INFINITE_RECURSION = YES;
				CLANG_WARN_INT_CONVERSION = YES;
				CLANG_WARN_NON_LITERAL_NULL_CONVERSION = YES;
				CLANG_WARN_OBJC_IMPLICIT_RETAIN_SELF = YES;
				CLANG_WARN_OBJC_LITERAL_CONVERSION = YES;
				CLANG_WARN_OBJC_ROOT_CLASS = YES_ERROR;
				CLANG_WARN_QUOTED_INCLUDE_IN_FRAMEWORK_HEADER = YES;
				CLANG_WARN_RANGE_LOOP_ANALYSIS = YES;
				CLANG_WARN_STRICT_PROTOTYPES = YES;
				CLANG_WARN_SUSPICIOUS_MOVE = YES;
				CLANG_WARN_UNGUARDED_AVAILABILITY = YES_AGGRESSIVE;
				CLANG_WARN_UNREACHABLE_CODE = YES;
				CLANG_WARN__DUPLICATE_METHOD_MATCH = YES;
				COPY_PHASE_STRIP = NO;
				DEBUG_INFORMATION_FORMAT = "dwarf-with-dsym";
				ENABLE_NS_ASSERTIONS = NO;
				ENABLE_STRICT_OBJC_MSGSEND = YES;
				ENABLE_USER_SCRIPT_SANDBOXING = YES;
				GCC_C_LANGUAGE_STANDARD = gnu17;
				GCC_NO_COMMON_BLOCKS = YES;
				GCC_WARN_64_TO_32_BIT_CONVERSION = YES;
				GCC_WARN_ABOUT_RETURN_TYPE = YES_ERROR;
				GCC_WARN_UNDECLARED_SELECTOR = YES;
				GCC_WARN_UNINITIALIZED_AUTOS = YES_AGGRESSIVE;
				GCC_WARN_UNUSED_FUNCTION = YES;
				GCC_WARN_UNUSED_VARIABLE = YES;
				IPHONEOS_DEPLOYMENT_TARGET = 17.2;
				LOCALIZATION_PREFERS_STRING_CATALOGS = YES;
				MTL_ENABLE_DEBUG_INFO = NO;
				MTL_FAST_MATH = YES;
				SDKROOT = iphoneos;
				SWIFT_COMPILATION_MODE = wholemodule;
				VALIDATE_PRODUCT = YES;
			};
			name = Release;
		};
		C6221B142C2F23D4001C8349 /* Debug */ = {
			isa = XCBuildConfiguration;
			buildSettings = {
				ASSETCATALOG_COMPILER_APPICON_NAME = AppIcon;
				ASSETCATALOG_COMPILER_GLOBAL_ACCENT_COLOR_NAME = AccentColor;
				CODE_SIGN_STYLE = Automatic;
				CURRENT_PROJECT_VERSION = 1;
				DEVELOPMENT_ASSET_PATHS = "\"Fructus/Preview Content\"";
				ENABLE_PREVIEWS = YES;
				GENERATE_INFOPLIST_FILE = YES;
				INFOPLIST_KEY_UIApplicationSceneManifest_Generation = YES;
				INFOPLIST_KEY_UIApplicationSupportsIndirectInputEvents = YES;
				INFOPLIST_KEY_UILaunchScreen_Generation = YES;
				INFOPLIST_KEY_UISupportedInterfaceOrientations = UIInterfaceOrientationPortrait;
				LD_RUNPATH_SEARCH_PATHS = (
					"$(inherited)",
					"@executable_path/Frameworks",
				);
				MARKETING_VERSION = 1.0;
				PRODUCT_BUNDLE_IDENTIFIER = com.intercam.dbatista.Fructus;
				PRODUCT_NAME = "$(TARGET_NAME)";
				SWIFT_EMIT_LOC_STRINGS = YES;
				SWIFT_VERSION = 5.0;
				TARGETED_DEVICE_FAMILY = "1,2";
			};
			name = Debug;
		};
		C6221B152C2F23D4001C8349 /* Release */ = {
			isa = XCBuildConfiguration;
			buildSettings = {
				ASSETCATALOG_COMPILER_APPICON_NAME = AppIcon;
				ASSETCATALOG_COMPILER_GLOBAL_ACCENT_COLOR_NAME = AccentColor;
				CODE_SIGN_STYLE = Automatic;
				CURRENT_PROJECT_VERSION = 1;
				DEVELOPMENT_ASSET_PATHS = "\"Fructus/Preview Content\"";
				ENABLE_PREVIEWS = YES;
				GENERATE_INFOPLIST_FILE = YES;
				INFOPLIST_KEY_UIApplicationSceneManifest_Generation = YES;
				INFOPLIST_KEY_UIApplicationSupportsIndirectInputEvents = YES;
				INFOPLIST_KEY_UILaunchScreen_Generation = YES;
				INFOPLIST_KEY_UISupportedInterfaceOrientations = UIInterfaceOrientationPortrait;
				LD_RUNPATH_SEARCH_PATHS = (
					"$(inherited)",
					"@executable_path/Frameworks",
				);
				MARKETING_VERSION = 1.0;
				PRODUCT_BUNDLE_IDENTIFIER = com.intercam.dbatista.Fructus;
				PRODUCT_NAME = "$(TARGET_NAME)";
				SWIFT_EMIT_LOC_STRINGS = YES;
				SWIFT_VERSION = 5.0;
				TARGETED_DEVICE_FAMILY = "1,2";
			};
			name = Release;
		};
/* End XCBuildConfiguration section */

/* Begin XCConfigurationList section */
		C6221B002C2F23D2001C8349 /* Build configuration list for PBXProject "Fructus" */ = {
			isa = XCConfigurationList;
			buildConfigurations = (
				C6221B112C2F23D4001C8349 /* Debug */,
				C6221B122C2F23D4001C8349 /* Release */,
			);
			defaultConfigurationIsVisible = 0;
			defaultConfigurationName = Release;
		};
		C6221B132C2F23D4001C8349 /* Build configuration list for PBXNativeTarget "Fructus" */ = {
			isa = XCConfigurationList;
			buildConfigurations = (
				C6221B142C2F23D4001C8349 /* Debug */,
				C6221B152C2F23D4001C8349 /* Release */,
			);
			defaultConfigurationIsVisible = 0;
			defaultConfigurationName = Release;
		};
/* End XCConfigurationList section */
	};
	rootObject = C6221AFD2C2F23D2001C8349 /* Project object */;
}
