// !$*UTF8*$!
{
	archiveVersion = 1;
	classes = {
	};
	objectVersion = 56;
	objects = {

/* Begin PBXBuildFile section */
		C6C2972C2C3477DD0026EFD3 /* AfricaApp.swift in Sources */ = {isa = PBXBuildFile; fileRef = C6C2972B2C3477DD0026EFD3 /* AfricaApp.swift */; };
		C6C2972E2C3477DD0026EFD3 /* ContentView.swift in Sources */ = {isa = PBXBuildFile; fileRef = C6C2972D2C3477DD0026EFD3 /* ContentView.swift */; };
		C6C297302C3477DF0026EFD3 /* Assets.xcassets in Resources */ = {isa = PBXBuildFile; fileRef = C6C2972F2C3477DF0026EFD3 /* Assets.xcassets */; };
		C6C297332C3477DF0026EFD3 /* Preview Assets.xcassets in Resources */ = {isa = PBXBuildFile; fileRef = C6C297322C3477DF0026EFD3 /* Preview Assets.xcassets */; };
		C6C297442C34793E0026EFD3 /* cheetah.mp4 in Resources */ = {isa = PBXBuildFile; fileRef = C6C2973A2C34793C0026EFD3 /* cheetah.mp4 */; };
		C6C297452C34793E0026EFD3 /* lioness.mp4 in Resources */ = {isa = PBXBuildFile; fileRef = C6C2973B2C34793C0026EFD3 /* lioness.mp4 */; };
		C6C297462C34793E0026EFD3 /* hippo.mp4 in Resources */ = {isa = PBXBuildFile; fileRef = C6C2973C2C34793D0026EFD3 /* hippo.mp4 */; };
		C6C297472C34793E0026EFD3 /* zebra.mp4 in Resources */ = {isa = PBXBuildFile; fileRef = C6C2973D2C34793D0026EFD3 /* zebra.mp4 */; };
		C6C297482C34793E0026EFD3 /* lion.mp4 in Resources */ = {isa = PBXBuildFile; fileRef = C6C2973E2C34793D0026EFD3 /* lion.mp4 */; };
		C6C297492C34793E0026EFD3 /* gorilla.mp4 in Resources */ = {isa = PBXBuildFile; fileRef = C6C2973F2C34793D0026EFD3 /* gorilla.mp4 */; };
		C6C2974A2C34793E0026EFD3 /* elephant.mp4 in Resources */ = {isa = PBXBuildFile; fileRef = C6C297402C34793D0026EFD3 /* elephant.mp4 */; };
		C6C2974B2C34793E0026EFD3 /* rhino.mp4 in Resources */ = {isa = PBXBuildFile; fileRef = C6C297412C34793E0026EFD3 /* rhino.mp4 */; };
		C6C2974C2C34793E0026EFD3 /* ostrich.mp4 in Resources */ = {isa = PBXBuildFile; fileRef = C6C297422C34793E0026EFD3 /* ostrich.mp4 */; };
		C6C2974D2C34793E0026EFD3 /* giraffe.mp4 in Resources */ = {isa = PBXBuildFile; fileRef = C6C297432C34793E0026EFD3 /* giraffe.mp4 */; };
		C6C297532C347E2D0026EFD3 /* animals.json in Resources */ = {isa = PBXBuildFile; fileRef = C6C2974F2C347E2D0026EFD3 /* animals.json */; };
		C6C297542C347E2D0026EFD3 /* videos.json in Resources */ = {isa = PBXBuildFile; fileRef = C6C297502C347E2D0026EFD3 /* videos.json */; };
		C6C297552C347E2D0026EFD3 /* covers.json in Resources */ = {isa = PBXBuildFile; fileRef = C6C297512C347E2D0026EFD3 /* covers.json */; };
		C6C297562C347E2D0026EFD3 /* locations.json in Resources */ = {isa = PBXBuildFile; fileRef = C6C297522C347E2D0026EFD3 /* locations.json */; };
		C6C2975C2C347FC40026EFD3 /* VideoListView.swift in Sources */ = {isa = PBXBuildFile; fileRef = C6C2975B2C347FC40026EFD3 /* VideoListView.swift */; };
		C6C2975E2C347FCB0026EFD3 /* MapView.swift in Sources */ = {isa = PBXBuildFile; fileRef = C6C2975D2C347FCB0026EFD3 /* MapView.swift */; };
		C6C297602C347FD40026EFD3 /* GalleryView.swift in Sources */ = {isa = PBXBuildFile; fileRef = C6C2975F2C347FD40026EFD3 /* GalleryView.swift */; };
		C6C297622C347FDA0026EFD3 /* MainView.swift in Sources */ = {isa = PBXBuildFile; fileRef = C6C297612C347FDA0026EFD3 /* MainView.swift */; };
		C6C297642C348A210026EFD3 /* CoverImageView.swift in Sources */ = {isa = PBXBuildFile; fileRef = C6C297632C348A210026EFD3 /* CoverImageView.swift */; };
		C6C297682C348B430026EFD3 /* CodableBundleExtension.swift in Sources */ = {isa = PBXBuildFile; fileRef = C6C297672C348B430026EFD3 /* CodableBundleExtension.swift */; };
		C6C2976D2C348BD10026EFD3 /* CoverImageModel.swift in Sources */ = {isa = PBXBuildFile; fileRef = C6C2976C2C348BD10026EFD3 /* CoverImageModel.swift */; };
		C6C297702C3495CF0026EFD3 /* AnimalListItemView.swift in Sources */ = {isa = PBXBuildFile; fileRef = C6C2976F2C3495CF0026EFD3 /* AnimalListItemView.swift */; };
		C6C297742C34977B0026EFD3 /* AnimalModel.swift in Sources */ = {isa = PBXBuildFile; fileRef = C6C297732C34977B0026EFD3 /* AnimalModel.swift */; };
		C6F8E1792C34C6F600E7C6CE /* AnimalDetailView.swift in Sources */ = {isa = PBXBuildFile; fileRef = C6F8E1782C34C6F600E7C6CE /* AnimalDetailView.swift */; };
		C6F8E17B2C34CA2600E7C6CE /* HeadingView.swift in Sources */ = {isa = PBXBuildFile; fileRef = C6F8E17A2C34CA2600E7C6CE /* HeadingView.swift */; };
		C6F8E17D2C34CB8E00E7C6CE /* InsetGalleryView.swift in Sources */ = {isa = PBXBuildFile; fileRef = C6F8E17C2C34CB8E00E7C6CE /* InsetGalleryView.swift */; };
		C6FE9EA62C35BAD100DB0DD1 /* InsetFactView.swift in Sources */ = {isa = PBXBuildFile; fileRef = C6FE9EA52C35BAD100DB0DD1 /* InsetFactView.swift */; };
		C6FE9EA82C35BDD900DB0DD1 /* InsetMapView.swift in Sources */ = {isa = PBXBuildFile; fileRef = C6FE9EA72C35BDD900DB0DD1 /* InsetMapView.swift */; };
		C6FE9EAA2C35C4B600DB0DD1 /* ExternalWebLinkView.swift in Sources */ = {isa = PBXBuildFile; fileRef = C6FE9EA92C35C4B600DB0DD1 /* ExternalWebLinkView.swift */; };
		C6FE9EAC2C35CE9D00DB0DD1 /* VideoModel.swift in Sources */ = {isa = PBXBuildFile; fileRef = C6FE9EAB2C35CE9D00DB0DD1 /* VideoModel.swift */; };
		C6FE9EAE2C35CF2900DB0DD1 /* VideoListItemView.swift in Sources */ = {isa = PBXBuildFile; fileRef = C6FE9EAD2C35CF2900DB0DD1 /* VideoListItemView.swift */; };
		C6FE9EB22C35DA1C00DB0DD1 /* VideoPlayerView.swift in Sources */ = {isa = PBXBuildFile; fileRef = C6FE9EB12C35DA1C00DB0DD1 /* VideoPlayerView.swift */; };
		C6FE9EB52C35DA5000DB0DD1 /* VideoPlayerHelper.swift in Sources */ = {isa = PBXBuildFile; fileRef = C6FE9EB42C35DA5000DB0DD1 /* VideoPlayerHelper.swift */; };
		C6FE9EB72C35E7F900DB0DD1 /* LocationModel.swift in Sources */ = {isa = PBXBuildFile; fileRef = C6FE9EB62C35E7F900DB0DD1 /* LocationModel.swift */; };
		C6FE9EB92C3609C500DB0DD1 /* MapAnnotationView.swift in Sources */ = {isa = PBXBuildFile; fileRef = C6FE9EB82C3609C500DB0DD1 /* MapAnnotationView.swift */; };
		C6FE9EBB2C36232500DB0DD1 /* MotionAnimationView.swift in Sources */ = {isa = PBXBuildFile; fileRef = C6FE9EBA2C36232500DB0DD1 /* MotionAnimationView.swift */; };
		C6FE9EBD2C36773900DB0DD1 /* AnimalGridItemView.swift in Sources */ = {isa = PBXBuildFile; fileRef = C6FE9EBC2C36773900DB0DD1 /* AnimalGridItemView.swift */; };
		C6FE9EC32C36814200DB0DD1 /* Stickers.xcassets in Resources */ = {isa = PBXBuildFile; fileRef = C6FE9EC22C36814200DB0DD1 /* Stickers.xcassets */; };
		C6FE9EC72C36814200DB0DD1 /* Sticker.appex in Embed Foundation Extensions */ = {isa = PBXBuildFile; fileRef = C6FE9EC02C36814100DB0DD1 /* Sticker.appex */; settings = {ATTRIBUTES = (RemoveHeadersOnCopy, ); }; };
		C6FE9ECD2C36F6F600DB0DD1 /* CreditsView.swift in Sources */ = {isa = PBXBuildFile; fileRef = C6FE9ECC2C36F6F600DB0DD1 /* CreditsView.swift */; };
		C6FE9ED42C36F95900DB0DD1 /* CenterModifier.swift in Sources */ = {isa = PBXBuildFile; fileRef = C6FE9ED32C36F95900DB0DD1 /* CenterModifier.swift */; };
/* End PBXBuildFile section */

/* Begin PBXContainerItemProxy section */
		C6FE9EC52C36814200DB0DD1 /* PBXContainerItemProxy */ = {
			isa = PBXContainerItemProxy;
			containerPortal = C6C297202C3477DD0026EFD3 /* Project object */;
			proxyType = 1;
			remoteGlobalIDString = C6FE9EBF2C36814100DB0DD1;
			remoteInfo = Sticker;
		};
/* End PBXContainerItemProxy section */

/* Begin PBXCopyFilesBuildPhase section */
		C6FE9ECB2C36814200DB0DD1 /* Embed Foundation Extensions */ = {
			isa = PBXCopyFilesBuildPhase;
			buildActionMask = 2147483647;
			dstPath = "";
			dstSubfolderSpec = 13;
			files = (
				C6FE9EC72C36814200DB0DD1 /* Sticker.appex in Embed Foundation Extensions */,
			);
			name = "Embed Foundation Extensions";
			runOnlyForDeploymentPostprocessing = 0;
		};
/* End PBXCopyFilesBuildPhase section */

/* Begin PBXFileReference section */
		C6C297282C3477DD0026EFD3 /* Africa.app */ = {isa = PBXFileReference; explicitFileType = wrapper.application; includeInIndex = 0; path = Africa.app; sourceTree = BUILT_PRODUCTS_DIR; };
		C6C2972B2C3477DD0026EFD3 /* AfricaApp.swift */ = {isa = PBXFileReference; lastKnownFileType = sourcecode.swift; path = AfricaApp.swift; sourceTree = "<group>"; };
		C6C2972D2C3477DD0026EFD3 /* ContentView.swift */ = {isa = PBXFileReference; lastKnownFileType = sourcecode.swift; path = ContentView.swift; sourceTree = "<group>"; };
		C6C2972F2C3477DF0026EFD3 /* Assets.xcassets */ = {isa = PBXFileReference; lastKnownFileType = folder.assetcatalog; path = Assets.xcassets; sourceTree = "<group>"; };
		C6C297322C3477DF0026EFD3 /* Preview Assets.xcassets */ = {isa = PBXFileReference; lastKnownFileType = folder.assetcatalog; path = "Preview Assets.xcassets"; sourceTree = "<group>"; };
		C6C2973A2C34793C0026EFD3 /* cheetah.mp4 */ = {isa = PBXFileReference; lastKnownFileType = file; path = cheetah.mp4; sourceTree = "<group>"; };
		C6C2973B2C34793C0026EFD3 /* lioness.mp4 */ = {isa = PBXFileReference; lastKnownFileType = file; path = lioness.mp4; sourceTree = "<group>"; };
		C6C2973C2C34793D0026EFD3 /* hippo.mp4 */ = {isa = PBXFileReference; lastKnownFileType = file; path = hippo.mp4; sourceTree = "<group>"; };
		C6C2973D2C34793D0026EFD3 /* zebra.mp4 */ = {isa = PBXFileReference; lastKnownFileType = file; path = zebra.mp4; sourceTree = "<group>"; };
		C6C2973E2C34793D0026EFD3 /* lion.mp4 */ = {isa = PBXFileReference; lastKnownFileType = file; path = lion.mp4; sourceTree = "<group>"; };
		C6C2973F2C34793D0026EFD3 /* gorilla.mp4 */ = {isa = PBXFileReference; lastKnownFileType = file; path = gorilla.mp4; sourceTree = "<group>"; };
		C6C297402C34793D0026EFD3 /* elephant.mp4 */ = {isa = PBXFileReference; lastKnownFileType = file; path = elephant.mp4; sourceTree = "<group>"; };
		C6C297412C34793E0026EFD3 /* rhino.mp4 */ = {isa = PBXFileReference; lastKnownFileType = file; path = rhino.mp4; sourceTree = "<group>"; };
		C6C297422C34793E0026EFD3 /* ostrich.mp4 */ = {isa = PBXFileReference; lastKnownFileType = file; path = ostrich.mp4; sourceTree = "<group>"; };
		C6C297432C34793E0026EFD3 /* giraffe.mp4 */ = {isa = PBXFileReference; lastKnownFileType = file; path = giraffe.mp4; sourceTree = "<group>"; };
		C6C2974F2C347E2D0026EFD3 /* animals.json */ = {isa = PBXFileReference; fileEncoding = 4; lastKnownFileType = text.json; path = animals.json; sourceTree = "<group>"; };
		C6C297502C347E2D0026EFD3 /* videos.json */ = {isa = PBXFileReference; fileEncoding = 4; lastKnownFileType = text.json; path = videos.json; sourceTree = "<group>"; };
		C6C297512C347E2D0026EFD3 /* covers.json */ = {isa = PBXFileReference; fileEncoding = 4; lastKnownFileType = text.json; path = covers.json; sourceTree = "<group>"; };
		C6C297522C347E2D0026EFD3 /* locations.json */ = {isa = PBXFileReference; fileEncoding = 4; lastKnownFileType = text.json; path = locations.json; sourceTree = "<group>"; };
		C6C297572C347ED50026EFD3 /* Info.plist */ = {isa = PBXFileReference; lastKnownFileType = text.plist; path = Info.plist; sourceTree = "<group>"; };
		C6C2975B2C347FC40026EFD3 /* VideoListView.swift */ = {isa = PBXFileReference; lastKnownFileType = sourcecode.swift; path = VideoListView.swift; sourceTree = "<group>"; };
		C6C2975D2C347FCB0026EFD3 /* MapView.swift */ = {isa = PBXFileReference; lastKnownFileType = sourcecode.swift; path = MapView.swift; sourceTree = "<group>"; };
		C6C2975F2C347FD40026EFD3 /* GalleryView.swift */ = {isa = PBXFileReference; lastKnownFileType = sourcecode.swift; path = GalleryView.swift; sourceTree = "<group>"; };
		C6C297612C347FDA0026EFD3 /* MainView.swift */ = {isa = PBXFileReference; lastKnownFileType = sourcecode.swift; path = MainView.swift; sourceTree = "<group>"; };
		C6C297632C348A210026EFD3 /* CoverImageView.swift */ = {isa = PBXFileReference; lastKnownFileType = sourcecode.swift; path = CoverImageView.swift; sourceTree = "<group>"; };
		C6C297672C348B430026EFD3 /* CodableBundleExtension.swift */ = {isa = PBXFileReference; lastKnownFileType = sourcecode.swift; path = CodableBundleExtension.swift; sourceTree = "<group>"; };
		C6C2976C2C348BD10026EFD3 /* CoverImageModel.swift */ = {isa = PBXFileReference; lastKnownFileType = sourcecode.swift; path = CoverImageModel.swift; sourceTree = "<group>"; };
		C6C2976F2C3495CF0026EFD3 /* AnimalListItemView.swift */ = {isa = PBXFileReference; lastKnownFileType = sourcecode.swift; path = AnimalListItemView.swift; sourceTree = "<group>"; };
		C6C297732C34977B0026EFD3 /* AnimalModel.swift */ = {isa = PBXFileReference; lastKnownFileType = sourcecode.swift; path = AnimalModel.swift; sourceTree = "<group>"; };
		C6F8E1782C34C6F600E7C6CE /* AnimalDetailView.swift */ = {isa = PBXFileReference; lastKnownFileType = sourcecode.swift; path = AnimalDetailView.swift; sourceTree = "<group>"; };
		C6F8E17A2C34CA2600E7C6CE /* HeadingView.swift */ = {isa = PBXFileReference; lastKnownFileType = sourcecode.swift; path = HeadingView.swift; sourceTree = "<group>"; };
		C6F8E17C2C34CB8E00E7C6CE /* InsetGalleryView.swift */ = {isa = PBXFileReference; lastKnownFileType = sourcecode.swift; path = InsetGalleryView.swift; sourceTree = "<group>"; };
		C6FE9EA52C35BAD100DB0DD1 /* InsetFactView.swift */ = {isa = PBXFileReference; lastKnownFileType = sourcecode.swift; path = InsetFactView.swift; sourceTree = "<group>"; };
		C6FE9EA72C35BDD900DB0DD1 /* InsetMapView.swift */ = {isa = PBXFileReference; lastKnownFileType = sourcecode.swift; path = InsetMapView.swift; sourceTree = "<group>"; };
		C6FE9EA92C35C4B600DB0DD1 /* ExternalWebLinkView.swift */ = {isa = PBXFileReference; lastKnownFileType = sourcecode.swift; path = ExternalWebLinkView.swift; sourceTree = "<group>"; };
		C6FE9EAB2C35CE9D00DB0DD1 /* VideoModel.swift */ = {isa = PBXFileReference; lastKnownFileType = sourcecode.swift; path = VideoModel.swift; sourceTree = "<group>"; };
		C6FE9EAD2C35CF2900DB0DD1 /* VideoListItemView.swift */ = {isa = PBXFileReference; lastKnownFileType = sourcecode.swift; path = VideoListItemView.swift; sourceTree = "<group>"; };
		C6FE9EB12C35DA1C00DB0DD1 /* VideoPlayerView.swift */ = {isa = PBXFileReference; lastKnownFileType = sourcecode.swift; path = VideoPlayerView.swift; sourceTree = "<group>"; };
		C6FE9EB42C35DA5000DB0DD1 /* VideoPlayerHelper.swift */ = {isa = PBXFileReference; lastKnownFileType = sourcecode.swift; path = VideoPlayerHelper.swift; sourceTree = "<group>"; };
		C6FE9EB62C35E7F900DB0DD1 /* LocationModel.swift */ = {isa = PBXFileReference; lastKnownFileType = sourcecode.swift; path = LocationModel.swift; sourceTree = "<group>"; };
		C6FE9EB82C3609C500DB0DD1 /* MapAnnotationView.swift */ = {isa = PBXFileReference; lastKnownFileType = sourcecode.swift; path = MapAnnotationView.swift; sourceTree = "<group>"; };
		C6FE9EBA2C36232500DB0DD1 /* MotionAnimationView.swift */ = {isa = PBXFileReference; lastKnownFileType = sourcecode.swift; path = MotionAnimationView.swift; sourceTree = "<group>"; };
		C6FE9EBC2C36773900DB0DD1 /* AnimalGridItemView.swift */ = {isa = PBXFileReference; lastKnownFileType = sourcecode.swift; path = AnimalGridItemView.swift; sourceTree = "<group>"; };
		C6FE9EC02C36814100DB0DD1 /* Sticker.appex */ = {isa = PBXFileReference; explicitFileType = "wrapper.app-extension"; includeInIndex = 0; path = Sticker.appex; sourceTree = BUILT_PRODUCTS_DIR; };
		C6FE9EC22C36814200DB0DD1 /* Stickers.xcassets */ = {isa = PBXFileReference; lastKnownFileType = folder.assetcatalog; path = Stickers.xcassets; sourceTree = "<group>"; };
		C6FE9EC42C36814200DB0DD1 /* Info.plist */ = {isa = PBXFileReference; lastKnownFileType = text.plist.xml; path = Info.plist; sourceTree = "<group>"; };
		C6FE9ECC2C36F6F600DB0DD1 /* CreditsView.swift */ = {isa = PBXFileReference; lastKnownFileType = sourcecode.swift; path = CreditsView.swift; sourceTree = "<group>"; };
		C6FE9ED32C36F95900DB0DD1 /* CenterModifier.swift */ = {isa = PBXFileReference; lastKnownFileType = sourcecode.swift; path = CenterModifier.swift; sourceTree = "<group>"; };
/* End PBXFileReference section */

/* Begin PBXFrameworksBuildPhase section */
		C6C297252C3477DD0026EFD3 /* Frameworks */ = {
			isa = PBXFrameworksBuildPhase;
			buildActionMask = 2147483647;
			files = (
			);
			runOnlyForDeploymentPostprocessing = 0;
		};
/* End PBXFrameworksBuildPhase section */

/* Begin PBXGroup section */
		C6C2971F2C3477DD0026EFD3 = {
			isa = PBXGroup;
			children = (
				C6C2972A2C3477DD0026EFD3 /* Africa */,
				C6FE9EC12C36814100DB0DD1 /* Sticker */,
				C6C297292C3477DD0026EFD3 /* Products */,
			);
			sourceTree = "<group>";
		};
		C6C297292C3477DD0026EFD3 /* Products */ = {
			isa = PBXGroup;
			children = (
				C6C297282C3477DD0026EFD3 /* Africa.app */,
				C6FE9EC02C36814100DB0DD1 /* Sticker.appex */,
			);
			name = Products;
			sourceTree = "<group>";
		};
		C6C2972A2C3477DD0026EFD3 /* Africa */ = {
			isa = PBXGroup;
			children = (
				C6FE9ECF2C36F90100DB0DD1 /* Modifer */,
				C6FE9EB32C35DA4000DB0DD1 /* Helper */,
				C6C297582C347F8E0026EFD3 /* App */,
				C6C2976B2C348B660026EFD3 /* Extensions */,
				C6C2976E2C348BD70026EFD3 /* Model */,
				C6C2974E2C347E200026EFD3 /* Data */,
				C6C297662C348A380026EFD3 /* View */,
				C6C297392C34791C0026EFD3 /* Video */,
				C6C2972F2C3477DF0026EFD3 /* Assets.xcassets */,
				C6C297572C347ED50026EFD3 /* Info.plist */,
				C6C297312C3477DF0026EFD3 /* Preview Content */,
			);
			path = Africa;
			sourceTree = "<group>";
		};
		C6C297312C3477DF0026EFD3 /* Preview Content */ = {
			isa = PBXGroup;
			children = (
				C6C297322C3477DF0026EFD3 /* Preview Assets.xcassets */,
			);
			path = "Preview Content";
			sourceTree = "<group>";
		};
		C6C297392C34791C0026EFD3 /* Video */ = {
			isa = PBXGroup;
			children = (
				C6C2973A2C34793C0026EFD3 /* cheetah.mp4 */,
				C6C297402C34793D0026EFD3 /* elephant.mp4 */,
				C6C297432C34793E0026EFD3 /* giraffe.mp4 */,
				C6C2973F2C34793D0026EFD3 /* gorilla.mp4 */,
				C6C2973C2C34793D0026EFD3 /* hippo.mp4 */,
				C6C2973E2C34793D0026EFD3 /* lion.mp4 */,
				C6C2973B2C34793C0026EFD3 /* lioness.mp4 */,
				C6C297422C34793E0026EFD3 /* ostrich.mp4 */,
				C6C297412C34793E0026EFD3 /* rhino.mp4 */,
				C6C2973D2C34793D0026EFD3 /* zebra.mp4 */,
			);
			path = Video;
			sourceTree = "<group>";
		};
		C6C2974E2C347E200026EFD3 /* Data */ = {
			isa = PBXGroup;
			children = (
				C6C2974F2C347E2D0026EFD3 /* animals.json */,
				C6C297512C347E2D0026EFD3 /* covers.json */,
				C6C297522C347E2D0026EFD3 /* locations.json */,
				C6C297502C347E2D0026EFD3 /* videos.json */,
			);
			path = Data;
			sourceTree = "<group>";
		};
		C6C297582C347F8E0026EFD3 /* App */ = {
			isa = PBXGroup;
			children = (
				C6C2972B2C3477DD0026EFD3 /* AfricaApp.swift */,
				C6C2972D2C3477DD0026EFD3 /* ContentView.swift */,
				C6C2975B2C347FC40026EFD3 /* VideoListView.swift */,
				C6C2975D2C347FCB0026EFD3 /* MapView.swift */,
				C6C2975F2C347FD40026EFD3 /* GalleryView.swift */,
				C6C297612C347FDA0026EFD3 /* MainView.swift */,
			);
			path = App;
			sourceTree = "<group>";
		};
		C6C297662C348A380026EFD3 /* View */ = {
			isa = PBXGroup;
			children = (
				C6FE9EA72C35BDD900DB0DD1 /* InsetMapView.swift */,
				C6FE9EB82C3609C500DB0DD1 /* MapAnnotationView.swift */,
				C6C297632C348A210026EFD3 /* CoverImageView.swift */,
				C6FE9ECC2C36F6F600DB0DD1 /* CreditsView.swift */,
				C6FE9EA52C35BAD100DB0DD1 /* InsetFactView.swift */,
				C6C2976F2C3495CF0026EFD3 /* AnimalListItemView.swift */,
				C6F8E1782C34C6F600E7C6CE /* AnimalDetailView.swift */,
				C6FE9EA92C35C4B600DB0DD1 /* ExternalWebLinkView.swift */,
				C6F8E17C2C34CB8E00E7C6CE /* InsetGalleryView.swift */,
				C6FE9EAD2C35CF2900DB0DD1 /* VideoListItemView.swift */,
				C6FE9EBC2C36773900DB0DD1 /* AnimalGridItemView.swift */,
				C6FE9EB12C35DA1C00DB0DD1 /* VideoPlayerView.swift */,
				C6F8E17A2C34CA2600E7C6CE /* HeadingView.swift */,
				C6FE9EBA2C36232500DB0DD1 /* MotionAnimationView.swift */,
			);
			path = View;
			sourceTree = "<group>";
		};
		C6C2976B2C348B660026EFD3 /* Extensions */ = {
			isa = PBXGroup;
			children = (
				C6C297672C348B430026EFD3 /* CodableBundleExtension.swift */,
			);
			path = Extensions;
			sourceTree = "<group>";
		};
		C6C2976E2C348BD70026EFD3 /* Model */ = {
			isa = PBXGroup;
			children = (
				C6C2976C2C348BD10026EFD3 /* CoverImageModel.swift */,
				C6FE9EB62C35E7F900DB0DD1 /* LocationModel.swift */,
				C6C297732C34977B0026EFD3 /* AnimalModel.swift */,
				C6FE9EAB2C35CE9D00DB0DD1 /* VideoModel.swift */,
			);
			path = Model;
			sourceTree = "<group>";
		};
		C6FE9EB32C35DA4000DB0DD1 /* Helper */ = {
			isa = PBXGroup;
			children = (
				C6FE9EB42C35DA5000DB0DD1 /* VideoPlayerHelper.swift */,
			);
			path = Helper;
			sourceTree = "<group>";
		};
		C6FE9EC12C36814100DB0DD1 /* Sticker */ = {
			isa = PBXGroup;
			children = (
				C6FE9EC22C36814200DB0DD1 /* Stickers.xcassets */,
				C6FE9EC42C36814200DB0DD1 /* Info.plist */,
			);
			path = Sticker;
			sourceTree = "<group>";
		};
		C6FE9ECF2C36F90100DB0DD1 /* Modifer */ = {
			isa = PBXGroup;
			children = (
				C6FE9ED32C36F95900DB0DD1 /* CenterModifier.swift */,
			);
			path = Modifer;
			sourceTree = "<group>";
		};
/* End PBXGroup section */

/* Begin PBXNativeTarget section */
		C6C297272C3477DD0026EFD3 /* Africa */ = {
			isa = PBXNativeTarget;
			buildConfigurationList = C6C297362C3477DF0026EFD3 /* Build configuration list for PBXNativeTarget "Africa" */;
			buildPhases = (
				C6C297242C3477DD0026EFD3 /* Sources */,
				C6C297252C3477DD0026EFD3 /* Frameworks */,
				C6C297262C3477DD0026EFD3 /* Resources */,
				C6FE9ECB2C36814200DB0DD1 /* Embed Foundation Extensions */,
			);
			buildRules = (
			);
			dependencies = (
				C6FE9EC62C36814200DB0DD1 /* PBXTargetDependency */,
			);
			name = Africa;
			productName = Africa;
			productReference = C6C297282C3477DD0026EFD3 /* Africa.app */;
			productType = "com.apple.product-type.application";
		};
		C6FE9EBF2C36814100DB0DD1 /* Sticker */ = {
			isa = PBXNativeTarget;
			buildConfigurationList = C6FE9EC82C36814200DB0DD1 /* Build configuration list for PBXNativeTarget "Sticker" */;
			buildPhases = (
				C6FE9EBE2C36814100DB0DD1 /* Resources */,
			);
			buildRules = (
			);
			dependencies = (
			);
			name = Sticker;
			productName = Sticker;
			productReference = C6FE9EC02C36814100DB0DD1 /* Sticker.appex */;
			productType = "com.apple.product-type.app-extension.messages-sticker-pack";
		};
/* End PBXNativeTarget section */

/* Begin PBXProject section */
		C6C297202C3477DD0026EFD3 /* Project object */ = {
			isa = PBXProject;
			attributes = {
				BuildIndependentTargetsInParallel = 1;
				LastSwiftUpdateCheck = 1520;
				LastUpgradeCheck = 1520;
				TargetAttributes = {
					C6C297272C3477DD0026EFD3 = {
						CreatedOnToolsVersion = 15.2;
					};
					C6FE9EBF2C36814100DB0DD1 = {
						CreatedOnToolsVersion = 15.2;
					};
				};
			};
			buildConfigurationList = C6C297232C3477DD0026EFD3 /* Build configuration list for PBXProject "Africa" */;
			compatibilityVersion = "Xcode 14.0";
			developmentRegion = en;
			hasScannedForEncodings = 0;
			knownRegions = (
				en,
				Base,
			);
			mainGroup = C6C2971F2C3477DD0026EFD3;
			productRefGroup = C6C297292C3477DD0026EFD3 /* Products */;
			projectDirPath = "";
			projectRoot = "";
			targets = (
				C6C297272C3477DD0026EFD3 /* Africa */,
				C6FE9EBF2C36814100DB0DD1 /* Sticker */,
			);
		};
/* End PBXProject section */

/* Begin PBXResourcesBuildPhase section */
		C6C297262C3477DD0026EFD3 /* Resources */ = {
			isa = PBXResourcesBuildPhase;
			buildActionMask = 2147483647;
			files = (
				C6C297462C34793E0026EFD3 /* hippo.mp4 in Resources */,
				C6C297332C3477DF0026EFD3 /* Preview Assets.xcassets in Resources */,
				C6C297562C347E2D0026EFD3 /* locations.json in Resources */,
				C6C2974D2C34793E0026EFD3 /* giraffe.mp4 in Resources */,
				C6C297542C347E2D0026EFD3 /* videos.json in Resources */,
				C6C297482C34793E0026EFD3 /* lion.mp4 in Resources */,
				C6C297302C3477DF0026EFD3 /* Assets.xcassets in Resources */,
				C6C297492C34793E0026EFD3 /* gorilla.mp4 in Resources */,
				C6C297442C34793E0026EFD3 /* cheetah.mp4 in Resources */,
				C6C297532C347E2D0026EFD3 /* animals.json in Resources */,
				C6C297472C34793E0026EFD3 /* zebra.mp4 in Resources */,
				C6C297552C347E2D0026EFD3 /* covers.json in Resources */,
				C6C297452C34793E0026EFD3 /* lioness.mp4 in Resources */,
				C6C2974B2C34793E0026EFD3 /* rhino.mp4 in Resources */,
				C6C2974A2C34793E0026EFD3 /* elephant.mp4 in Resources */,
				C6C2974C2C34793E0026EFD3 /* ostrich.mp4 in Resources */,
			);
			runOnlyForDeploymentPostprocessing = 0;
		};
		C6FE9EBE2C36814100DB0DD1 /* Resources */ = {
			isa = PBXResourcesBuildPhase;
			buildActionMask = 2147483647;
			files = (
				C6FE9EC32C36814200DB0DD1 /* Stickers.xcassets in Resources */,
			);
			runOnlyForDeploymentPostprocessing = 0;
		};
/* End PBXResourcesBuildPhase section */

/* Begin PBXSourcesBuildPhase section */
		C6C297242C3477DD0026EFD3 /* Sources */ = {
			isa = PBXSourcesBuildPhase;
			buildActionMask = 2147483647;
			files = (
				C6C297682C348B430026EFD3 /* CodableBundleExtension.swift in Sources */,
				C6FE9ECD2C36F6F600DB0DD1 /* CreditsView.swift in Sources */,
				C6C297702C3495CF0026EFD3 /* AnimalListItemView.swift in Sources */,
				C6C2972E2C3477DD0026EFD3 /* ContentView.swift in Sources */,
				C6FE9EA62C35BAD100DB0DD1 /* InsetFactView.swift in Sources */,
				C6C297622C347FDA0026EFD3 /* MainView.swift in Sources */,
				C6C297642C348A210026EFD3 /* CoverImageView.swift in Sources */,
				C6F8E1792C34C6F600E7C6CE /* AnimalDetailView.swift in Sources */,
				C6C297742C34977B0026EFD3 /* AnimalModel.swift in Sources */,
				C6C2976D2C348BD10026EFD3 /* CoverImageModel.swift in Sources */,
				C6FE9EA82C35BDD900DB0DD1 /* InsetMapView.swift in Sources */,
				C6FE9EB52C35DA5000DB0DD1 /* VideoPlayerHelper.swift in Sources */,
				C6C2975E2C347FCB0026EFD3 /* MapView.swift in Sources */,
				C6FE9EAA2C35C4B600DB0DD1 /* ExternalWebLinkView.swift in Sources */,
				C6FE9EB92C3609C500DB0DD1 /* MapAnnotationView.swift in Sources */,
				C6C2972C2C3477DD0026EFD3 /* AfricaApp.swift in Sources */,
				C6FE9EAC2C35CE9D00DB0DD1 /* VideoModel.swift in Sources */,
				C6C2975C2C347FC40026EFD3 /* VideoListView.swift in Sources */,
				C6FE9EB72C35E7F900DB0DD1 /* LocationModel.swift in Sources */,
				C6FE9EBD2C36773900DB0DD1 /* AnimalGridItemView.swift in Sources */,
				C6F8E17D2C34CB8E00E7C6CE /* InsetGalleryView.swift in Sources */,
				C6FE9EAE2C35CF2900DB0DD1 /* VideoListItemView.swift in Sources */,
				C6C297602C347FD40026EFD3 /* GalleryView.swift in Sources */,
				C6FE9EBB2C36232500DB0DD1 /* MotionAnimationView.swift in Sources */,
				C6FE9ED42C36F95900DB0DD1 /* CenterModifier.swift in Sources */,
				C6F8E17B2C34CA2600E7C6CE /* HeadingView.swift in Sources */,
				C6FE9EB22C35DA1C00DB0DD1 /* VideoPlayerView.swift in Sources */,
			);
			runOnlyForDeploymentPostprocessing = 0;
		};
/* End PBXSourcesBuildPhase section */

/* Begin PBXTargetDependency section */
		C6FE9EC62C36814200DB0DD1 /* PBXTargetDependency */ = {
			isa = PBXTargetDependency;
			target = C6FE9EBF2C36814100DB0DD1 /* Sticker */;
			targetProxy = C6FE9EC52C36814200DB0DD1 /* PBXContainerItemProxy */;
		};
/* End PBXTargetDependency section */

/* Begin XCBuildConfiguration section */
		C6C297342C3477DF0026EFD3 /* Debug */ = {
			isa = XCBuildConfiguration;
			buildSettings = {
				ALWAYS_SEARCH_USER_PATHS = NO;
				ASSETCATALOG_COMPILER_GENERATE_SWIFT_ASSET_SYMBOL_EXTENSIONS = YES;
				CLANG_ANALYZER_NONNULL = YES;
				CLANG_ANALYZER_NUMBER_OBJECT_CONVERSION = YES_AGGRESSIVE;
				CLANG_CXX_LANGUAGE_STANDARD = "gnu++20";
				CLANG_ENABLE_MODULES = YES;
				CLANG_ENABLE_OBJC_ARC = YES;
				CLANG_ENABLE_OBJC_WEAK = YES;
				CLANG_WARN_BLOCK_CAPTURE_AUTORELEASING = YES;
				CLANG_WARN_BOOL_CONVERSION = YES;
				CLANG_WARN_COMMA = YES;
				CLANG_WARN_CONSTANT_CONVERSION = YES;
				CLANG_WARN_DEPRECATED_OBJC_IMPLEMENTATIONS = YES;
				CLANG_WARN_DIRECT_OBJC_ISA_USAGE = YES_ERROR;
				CLANG_WARN_DOCUMENTATION_COMMENTS = YES;
				CLANG_WARN_EMPTY_BODY = YES;
				CLANG_WARN_ENUM_CONVERSION = YES;
				CLANG_WARN_INFINITE_RECURSION = YES;
				CLANG_WARN_INT_CONVERSION = YES;
				CLANG_WARN_NON_LITERAL_NULL_CONVERSION = YES;
				CLANG_WARN_OBJC_IMPLICIT_RETAIN_SELF = YES;
				CLANG_WARN_OBJC_LITERAL_CONVERSION = YES;
				CLANG_WARN_OBJC_ROOT_CLASS = YES_ERROR;
				CLANG_WARN_QUOTED_INCLUDE_IN_FRAMEWORK_HEADER = YES;
				CLANG_WARN_RANGE_LOOP_ANALYSIS = YES;
				CLANG_WARN_STRICT_PROTOTYPES = YES;
				CLANG_WARN_SUSPICIOUS_MOVE = YES;
				CLANG_WARN_UNGUARDED_AVAILABILITY = YES_AGGRESSIVE;
				CLANG_WARN_UNREACHABLE_CODE = YES;
				CLANG_WARN__DUPLICATE_METHOD_MATCH = YES;
				COPY_PHASE_STRIP = NO;
				DEBUG_INFORMATION_FORMAT = dwarf;
				ENABLE_STRICT_OBJC_MSGSEND = YES;
				ENABLE_TESTABILITY = YES;
				ENABLE_USER_SCRIPT_SANDBOXING = YES;
				GCC_C_LANGUAGE_STANDARD = gnu17;
				GCC_DYNAMIC_NO_PIC = NO;
				GCC_NO_COMMON_BLOCKS = YES;
				GCC_OPTIMIZATION_LEVEL = 0;
				GCC_PREPROCESSOR_DEFINITIONS = (
					"DEBUG=1",
					"$(inherited)",
				);
				GCC_WARN_64_TO_32_BIT_CONVERSION = YES;
				GCC_WARN_ABOUT_RETURN_TYPE = YES_ERROR;
				GCC_WARN_UNDECLARED_SELECTOR = YES;
				GCC_WARN_UNINITIALIZED_AUTOS = YES_AGGRESSIVE;
				GCC_WARN_UNUSED_FUNCTION = YES;
				GCC_WARN_UNUSED_VARIABLE = YES;
				IPHONEOS_DEPLOYMENT_TARGET = 17.0;
				LOCALIZATION_PREFERS_STRING_CATALOGS = YES;
				MTL_ENABLE_DEBUG_INFO = INCLUDE_SOURCE;
				MTL_FAST_MATH = YES;
				ONLY_ACTIVE_ARCH = YES;
				SDKROOT = iphoneos;
				SWIFT_ACTIVE_COMPILATION_CONDITIONS = "DEBUG $(inherited)";
				SWIFT_OPTIMIZATION_LEVEL = "-Onone";
			};
			name = Debug;
		};
		C6C297352C3477DF0026EFD3 /* Release */ = {
			isa = XCBuildConfiguration;
			buildSettings = {
				ALWAYS_SEARCH_USER_PATHS = NO;
				ASSETCATALOG_COMPILER_GENERATE_SWIFT_ASSET_SYMBOL_EXTENSIONS = YES;
				CLANG_ANALYZER_NONNULL = YES;
				CLANG_ANALYZER_NUMBER_OBJECT_CONVERSION = YES_AGGRESSIVE;
				CLANG_CXX_LANGUAGE_STANDARD = "gnu++20";
				CLANG_ENABLE_MODULES = YES;
				CLANG_ENABLE_OBJC_ARC = YES;
				CLANG_ENABLE_OBJC_WEAK = YES;
				CLANG_WARN_BLOCK_CAPTURE_AUTORELEASING = YES;
				CLANG_WARN_BOOL_CONVERSION = YES;
				CLANG_WARN_COMMA = YES;
				CLANG_WARN_CONSTANT_CONVERSION = YES;
				CLANG_WARN_DEPRECATED_OBJC_IMPLEMENTATIONS = YES;
				CLANG_WARN_DIRECT_OBJC_ISA_USAGE = YES_ERROR;
				CLANG_WARN_DOCUMENTATION_COMMENTS = YES;
				CLANG_WARN_EMPTY_BODY = YES;
				CLANG_WARN_ENUM_CONVERSION = YES;
				CLANG_WARN_INFINITE_RECURSION = YES;
				CLANG_WARN_INT_CONVERSION = YES;
				CLANG_WARN_NON_LITERAL_NULL_CONVERSION = YES;
				CLANG_WARN_OBJC_IMPLICIT_RETAIN_SELF = YES;
				CLANG_WARN_OBJC_LITERAL_CONVERSION = YES;
				CLANG_WARN_OBJC_ROOT_CLASS = YES_ERROR;
				CLANG_WARN_QUOTED_INCLUDE_IN_FRAMEWORK_HEADER = YES;
				CLANG_WARN_RANGE_LOOP_ANALYSIS = YES;
				CLANG_WARN_STRICT_PROTOTYPES = YES;
				CLANG_WARN_SUSPICIOUS_MOVE = YES;
				CLANG_WARN_UNGUARDED_AVAILABILITY = YES_AGGRESSIVE;
				CLANG_WARN_UNREACHABLE_CODE = YES;
				CLANG_WARN__DUPLICATE_METHOD_MATCH = YES;
				COPY_PHASE_STRIP = NO;
				DEBUG_INFORMATION_FORMAT = "dwarf-with-dsym";
				ENABLE_NS_ASSERTIONS = NO;
				ENABLE_STRICT_OBJC_MSGSEND = YES;
				ENABLE_USER_SCRIPT_SANDBOXING = YES;
				GCC_C_LANGUAGE_STANDARD = gnu17;
				GCC_NO_COMMON_BLOCKS = YES;
				GCC_WARN_64_TO_32_BIT_CONVERSION = YES;
				GCC_WARN_ABOUT_RETURN_TYPE = YES_ERROR;
				GCC_WARN_UNDECLARED_SELECTOR = YES;
				GCC_WARN_UNINITIALIZED_AUTOS = YES_AGGRESSIVE;
				GCC_WARN_UNUSED_FUNCTION = YES;
				GCC_WARN_UNUSED_VARIABLE = YES;
				IPHONEOS_DEPLOYMENT_TARGET = 17.0;
				LOCALIZATION_PREFERS_STRING_CATALOGS = YES;
				MTL_ENABLE_DEBUG_INFO = NO;
				MTL_FAST_MATH = YES;
				SDKROOT = iphoneos;
				SWIFT_COMPILATION_MODE = wholemodule;
				VALIDATE_PRODUCT = YES;
			};
			name = Release;
		};
		C6C297372C3477DF0026EFD3 /* Debug */ = {
			isa = XCBuildConfiguration;
			buildSettings = {
				ASSETCATALOG_COMPILER_APPICON_NAME = AppIcon;
				ASSETCATALOG_COMPILER_GLOBAL_ACCENT_COLOR_NAME = AccentColor;
				CODE_SIGN_STYLE = Automatic;
				CURRENT_PROJECT_VERSION = 1;
				DEVELOPMENT_ASSET_PATHS = "\"Africa/Preview Content\"";
				DEVELOPMENT_TEAM = 782F49UM3S;
				ENABLE_PREVIEWS = YES;
				GENERATE_INFOPLIST_FILE = YES;
				INFOPLIST_FILE = Africa/Info.plist;
				INFOPLIST_KEY_UIApplicationSceneManifest_Generation = YES;
				INFOPLIST_KEY_UIApplicationSupportsIndirectInputEvents = YES;
				INFOPLIST_KEY_UISupportedInterfaceOrientations_iPad = "UIInterfaceOrientationPortrait UIInterfaceOrientationPortraitUpsideDown UIInterfaceOrientationLandscapeLeft UIInterfaceOrientationLandscapeRight";
				INFOPLIST_KEY_UISupportedInterfaceOrientations_iPhone = "UIInterfaceOrientationPortrait UIInterfaceOrientationLandscapeLeft UIInterfaceOrientationLandscapeRight";
				INFOPLIST_KEY_UIUserInterfaceStyle = Dark;
				LD_RUNPATH_SEARCH_PATHS = (
					"$(inherited)",
					"@executable_path/Frameworks",
				);
				MARKETING_VERSION = 1.0;
				PRODUCT_BUNDLE_IDENTIFIER = com.intercam.dbatista.Africa;
				PRODUCT_NAME = "$(TARGET_NAME)";
				SWIFT_EMIT_LOC_STRINGS = YES;
				SWIFT_VERSION = 5.0;
				TARGETED_DEVICE_FAMILY = "1,2";
			};
			name = Debug;
		};
		C6C297382C3477DF0026EFD3 /* Release */ = {
			isa = XCBuildConfiguration;
			buildSettings = {
				ASSETCATALOG_COMPILER_APPICON_NAME = AppIcon;
				ASSETCATALOG_COMPILER_GLOBAL_ACCENT_COLOR_NAME = AccentColor;
				CODE_SIGN_STYLE = Automatic;
				CURRENT_PROJECT_VERSION = 1;
				DEVELOPMENT_ASSET_PATHS = "\"Africa/Preview Content\"";
				DEVELOPMENT_TEAM = 782F49UM3S;
				ENABLE_PREVIEWS = YES;
				GENERATE_INFOPLIST_FILE = YES;
				INFOPLIST_FILE = Africa/Info.plist;
				INFOPLIST_KEY_UIApplicationSceneManifest_Generation = YES;
				INFOPLIST_KEY_UIApplicationSupportsIndirectInputEvents = YES;
				INFOPLIST_KEY_UISupportedInterfaceOrientations_iPad = "UIInterfaceOrientationPortrait UIInterfaceOrientationPortraitUpsideDown UIInterfaceOrientationLandscapeLeft UIInterfaceOrientationLandscapeRight";
				INFOPLIST_KEY_UISupportedInterfaceOrientations_iPhone = "UIInterfaceOrientationPortrait UIInterfaceOrientationLandscapeLeft UIInterfaceOrientationLandscapeRight";
				INFOPLIST_KEY_UIUserInterfaceStyle = Dark;
				LD_RUNPATH_SEARCH_PATHS = (
					"$(inherited)",
					"@executable_path/Frameworks",
				);
				MARKETING_VERSION = 1.0;
				PRODUCT_BUNDLE_IDENTIFIER = com.intercam.dbatista.Africa;
				PRODUCT_NAME = "$(TARGET_NAME)";
				SWIFT_EMIT_LOC_STRINGS = YES;
				SWIFT_VERSION = 5.0;
				TARGETED_DEVICE_FAMILY = "1,2";
			};
			name = Release;
		};
		C6FE9EC92C36814200DB0DD1 /* Debug */ = {
			isa = XCBuildConfiguration;
			buildSettings = {
				ASSETCATALOG_COMPILER_APPICON_NAME = "iMessage App Icon";
				CODE_SIGN_STYLE = Automatic;
				CURRENT_PROJECT_VERSION = 1;
				DEVELOPMENT_TEAM = 782F49UM3S;
				GENERATE_INFOPLIST_FILE = YES;
				INFOPLIST_FILE = Sticker/Info.plist;
				INFOPLIST_KEY_NSStickerSharingLevel = OS;
				IPHONEOS_DEPLOYMENT_TARGET = 17.2;
				MARKETING_VERSION = 1.0;
				PRODUCT_BUNDLE_IDENTIFIER = com.intercam.dbatista.Africa.Sticker;
				PRODUCT_NAME = "$(TARGET_NAME)";
				SKIP_INSTALL = YES;
				SWIFT_EMIT_LOC_STRINGS = YES;
				TARGETED_DEVICE_FAMILY = "1,2";
			};
			name = Debug;
		};
		C6FE9ECA2C36814200DB0DD1 /* Release */ = {
			isa = XCBuildConfiguration;
			buildSettings = {
				ASSETCATALOG_COMPILER_APPICON_NAME = "iMessage App Icon";
				CODE_SIGN_STYLE = Automatic;
				CURRENT_PROJECT_VERSION = 1;
				DEVELOPMENT_TEAM = 782F49UM3S;
				GENERATE_INFOPLIST_FILE = YES;
				INFOPLIST_FILE = Sticker/Info.plist;
				INFOPLIST_KEY_NSStickerSharingLevel = OS;
				IPHONEOS_DEPLOYMENT_TARGET = 17.2;
				MARKETING_VERSION = 1.0;
				PRODUCT_BUNDLE_IDENTIFIER = com.intercam.dbatista.Africa.Sticker;
				PRODUCT_NAME = "$(TARGET_NAME)";
				SKIP_INSTALL = YES;
				SWIFT_EMIT_LOC_STRINGS = YES;
				TARGETED_DEVICE_FAMILY = "1,2";
			};
			name = Release;
		};
/* End XCBuildConfiguration section */

/* Begin XCConfigurationList section */
		C6C297232C3477DD0026EFD3 /* Build configuration list for PBXProject "Africa" */ = {
			isa = XCConfigurationList;
			buildConfigurations = (
				C6C297342C3477DF0026EFD3 /* Debug */,
				C6C297352C3477DF0026EFD3 /* Release */,
			);
			defaultConfigurationIsVisible = 0;
			defaultConfigurationName = Release;
		};
		C6C297362C3477DF0026EFD3 /* Build configuration list for PBXNativeTarget "Africa" */ = {
			isa = XCConfigurationList;
			buildConfigurations = (
				C6C297372C3477DF0026EFD3 /* Debug */,
				C6C297382C3477DF0026EFD3 /* Release */,
			);
			defaultConfigurationIsVisible = 0;
			defaultConfigurationName = Release;
		};
		C6FE9EC82C36814200DB0DD1 /* Build configuration list for PBXNativeTarget "Sticker" */ = {
			isa = XCConfigurationList;
			buildConfigurations = (
				C6FE9EC92C36814200DB0DD1 /* Debug */,
				C6FE9ECA2C36814200DB0DD1 /* Release */,
			);
			defaultConfigurationIsVisible = 0;
			defaultConfigurationName = Release;
		};
/* End XCConfigurationList section */
	};
	rootObject = C6C297202C3477DD0026EFD3 /* Project object */;
}
