// !$*UTF8*$!
{
	archiveVersion = 1;
	classes = {
	};
	objectVersion = 56;
	objects = {

/* Begin PBXBuildFile section */
		C687B3732C38855900ED6F78 /* DevoteApp.swift in Sources */ = {isa = PBXBuildFile; fileRef = C687B3722C38855900ED6F78 /* DevoteApp.swift */; };
		C687B3752C38855900ED6F78 /* ContentView.swift in Sources */ = {isa = PBXBuildFile; fileRef = C687B3742C38855900ED6F78 /* ContentView.swift */; };
		C687B3772C38855A00ED6F78 /* Assets.xcassets in Resources */ = {isa = PBXBuildFile; fileRef = C687B3762C38855A00ED6F78 /* Assets.xcassets */; };
		C687B37A2C38855A00ED6F78 /* Preview Assets.xcassets in Resources */ = {isa = PBXBuildFile; fileRef = C687B3792C38855A00ED6F78 /* Preview Assets.xcassets */; };
		C687B37C2C38855A00ED6F78 /* Persistence.swift in Sources */ = {isa = PBXBuildFile; fileRef = C687B37B2C38855A00ED6F78 /* Persistence.swift */; };
		C687B3882C38944500ED6F78 /* sound-tap.mp3 in Resources */ = {isa = PBXBuildFile; fileRef = C687B3852C38944500ED6F78 /* sound-tap.mp3 */; };
		C687B3892C38944500ED6F78 /* sound-ding.mp3 in Resources */ = {isa = PBXBuildFile; fileRef = C687B3862C38944500ED6F78 /* sound-ding.mp3 */; };
		C687B38A2C38944500ED6F78 /* sound-rise.mp3 in Resources */ = {isa = PBXBuildFile; fileRef = C687B3872C38944500ED6F78 /* sound-rise.mp3 */; };
		C687B3942C38AEE800ED6F78 /* Devote.xcdatamodeld in Sources */ = {isa = PBXBuildFile; fileRef = C687B3922C38AEE800ED6F78 /* Devote.xcdatamodeld */; };
/* End PBXBuildFile section */

/* Begin PBXFileReference section */
		C687B36F2C38855900ED6F78 /* Devote.app */ = {isa = PBXFileReference; explicitFileType = wrapper.application; includeInIndex = 0; path = Devote.app; sourceTree = BUILT_PRODUCTS_DIR; };
		C687B3722C38855900ED6F78 /* DevoteApp.swift */ = {isa = PBXFileReference; lastKnownFileType = sourcecode.swift; path = DevoteApp.swift; sourceTree = "<group>"; };
		C687B3742C38855900ED6F78 /* ContentView.swift */ = {isa = PBXFileReference; lastKnownFileType = sourcecode.swift; path = ContentView.swift; sourceTree = "<group>"; };
		C687B3762C38855A00ED6F78 /* Assets.xcassets */ = {isa = PBXFileReference; lastKnownFileType = folder.assetcatalog; path = Assets.xcassets; sourceTree = "<group>"; };
		C687B3792C38855A00ED6F78 /* Preview Assets.xcassets */ = {isa = PBXFileReference; lastKnownFileType = folder.assetcatalog; path = "Preview Assets.xcassets"; sourceTree = "<group>"; };
		C687B37B2C38855A00ED6F78 /* Persistence.swift */ = {isa = PBXFileReference; lastKnownFileType = sourcecode.swift; path = Persistence.swift; sourceTree = "<group>"; };
		C687B3852C38944500ED6F78 /* sound-tap.mp3 */ = {isa = PBXFileReference; lastKnownFileType = audio.mp3; path = "sound-tap.mp3"; sourceTree = "<group>"; };
		C687B3862C38944500ED6F78 /* sound-ding.mp3 */ = {isa = PBXFileReference; lastKnownFileType = audio.mp3; path = "sound-ding.mp3"; sourceTree = "<group>"; };
		C687B3872C38944500ED6F78 /* sound-rise.mp3 */ = {isa = PBXFileReference; lastKnownFileType = audio.mp3; path = "sound-rise.mp3"; sourceTree = "<group>"; };
		C687B3912C38954800ED6F78 /* Info.plist */ = {isa = PBXFileReference; lastKnownFileType = text.plist; path = Info.plist; sourceTree = "<group>"; };
		C687B3932C38AEE800ED6F78 /* Devote.xcdatamodel */ = {isa = PBXFileReference; lastKnownFileType = wrapper.xcdatamodel; path = Devote.xcdatamodel; sourceTree = "<group>"; };
/* End PBXFileReference section */

/* Begin PBXFrameworksBuildPhase section */
		C687B36C2C38855900ED6F78 /* Frameworks */ = {
			isa = PBXFrameworksBuildPhase;
			buildActionMask = 2147483647;
			files = (
			);
			runOnlyForDeploymentPostprocessing = 0;
		};
/* End PBXFrameworksBuildPhase section */

/* Begin PBXGroup section */
		C687B3662C38855900ED6F78 = {
			isa = PBXGroup;
			children = (
				C687B3712C38855900ED6F78 /* Devote */,
				C687B3702C38855900ED6F78 /* Products */,
			);
			sourceTree = "<group>";
		};
		C687B3702C38855900ED6F78 /* Products */ = {
			isa = PBXGroup;
			children = (
				C687B36F2C38855900ED6F78 /* Devote.app */,
			);
			name = Products;
			sourceTree = "<group>";
		};
		C687B3712C38855900ED6F78 /* Devote */ = {
			isa = PBXGroup;
			children = (
				C687B3912C38954800ED6F78 /* Info.plist */,
				C687B38F2C3894ED00ED6F78 /* Style */,
				C687B38E2C3894E700ED6F78 /* Utility */,
				C687B38C2C3894D200ED6F78 /* Extension */,
				C687B38B2C38944B00ED6F78 /* Sounds */,
				C687B3722C38855900ED6F78 /* DevoteApp.swift */,
				C687B3742C38855900ED6F78 /* ContentView.swift */,
				C687B3762C38855A00ED6F78 /* Assets.xcassets */,
				C687B3902C38950700ED6F78 /* Model */,
				C687B3782C38855A00ED6F78 /* Preview Content */,
			);
			path = Devote;
			sourceTree = "<group>";
		};
		C687B3782C38855A00ED6F78 /* Preview Content */ = {
			isa = PBXGroup;
			children = (
				C687B3792C38855A00ED6F78 /* Preview Assets.xcassets */,
			);
			path = "Preview Content";
			sourceTree = "<group>";
		};
		C687B38B2C38944B00ED6F78 /* Sounds */ = {
			isa = PBXGroup;
			children = (
				C687B3862C38944500ED6F78 /* sound-ding.mp3 */,
				C687B3872C38944500ED6F78 /* sound-rise.mp3 */,
				C687B3852C38944500ED6F78 /* sound-tap.mp3 */,
			);
			path = Sounds;
			sourceTree = "<group>";
		};
		C687B38C2C3894D200ED6F78 /* Extension */ = {
			isa = PBXGroup;
			children = (
			);
			path = Extension;
			sourceTree = "<group>";
		};
		C687B38E2C3894E700ED6F78 /* Utility */ = {
			isa = PBXGroup;
			children = (
			);
			path = Utility;
			sourceTree = "<group>";
		};
		C687B38F2C3894ED00ED6F78 /* Style */ = {
			isa = PBXGroup;
			children = (
			);
			path = Style;
			sourceTree = "<group>";
		};
		C687B3902C38950700ED6F78 /* Model */ = {
			isa = PBXGroup;
			children = (
				C687B37B2C38855A00ED6F78 /* Persistence.swift */,
				C687B3922C38AEE800ED6F78 /* Devote.xcdatamodeld */,
			);
			path = Model;
			sourceTree = "<group>";
		};
/* End PBXGroup section */

/* Begin PBXNativeTarget section */
		C687B36E2C38855900ED6F78 /* Devote */ = {
			isa = PBXNativeTarget;
			buildConfigurationList = C687B3822C38855A00ED6F78 /* Build configuration list for PBXNativeTarget "Devote" */;
			buildPhases = (
				C687B36B2C38855900ED6F78 /* Sources */,
				C687B36C2C38855900ED6F78 /* Frameworks */,
				C687B36D2C38855900ED6F78 /* Resources */,
			);
			buildRules = (
			);
			dependencies = (
			);
			name = Devote;
			productName = Devote;
			productReference = C687B36F2C38855900ED6F78 /* Devote.app */;
			productType = "com.apple.product-type.application";
		};
/* End PBXNativeTarget section */

/* Begin PBXProject section */
		C687B3672C38855900ED6F78 /* Project object */ = {
			isa = PBXProject;
			attributes = {
				BuildIndependentTargetsInParallel = 1;
				LastSwiftUpdateCheck = 1520;
				LastUpgradeCheck = 1520;
				TargetAttributes = {
					C687B36E2C38855900ED6F78 = {
						CreatedOnToolsVersion = 15.2;
					};
				};
			};
			buildConfigurationList = C687B36A2C38855900ED6F78 /* Build configuration list for PBXProject "Devote" */;
			compatibilityVersion = "Xcode 14.0";
			developmentRegion = en;
			hasScannedForEncodings = 0;
			knownRegions = (
				en,
				Base,
			);
			mainGroup = C687B3662C38855900ED6F78;
			productRefGroup = C687B3702C38855900ED6F78 /* Products */;
			projectDirPath = "";
			projectRoot = "";
			targets = (
				C687B36E2C38855900ED6F78 /* Devote */,
			);
		};
/* End PBXProject section */

/* Begin PBXResourcesBuildPhase section */
		C687B36D2C38855900ED6F78 /* Resources */ = {
			isa = PBXResourcesBuildPhase;
			buildActionMask = 2147483647;
			files = (
				C687B38A2C38944500ED6F78 /* sound-rise.mp3 in Resources */,
				C687B3892C38944500ED6F78 /* sound-ding.mp3 in Resources */,
				C687B3882C38944500ED6F78 /* sound-tap.mp3 in Resources */,
				C687B37A2C38855A00ED6F78 /* Preview Assets.xcassets in Resources */,
				C687B3772C38855A00ED6F78 /* Assets.xcassets in Resources */,
			);
			runOnlyForDeploymentPostprocessing = 0;
		};
/* End PBXResourcesBuildPhase section */

/* Begin PBXSourcesBuildPhase section */
		C687B36B2C38855900ED6F78 /* Sources */ = {
			isa = PBXSourcesBuildPhase;
			buildActionMask = 2147483647;
			files = (
				C687B37C2C38855A00ED6F78 /* Persistence.swift in Sources */,
				C687B3752C38855900ED6F78 /* ContentView.swift in Sources */,
				C687B3942C38AEE800ED6F78 /* Devote.xcdatamodeld in Sources */,
				C687B3732C38855900ED6F78 /* DevoteApp.swift in Sources */,
			);
			runOnlyForDeploymentPostprocessing = 0;
		};
/* End PBXSourcesBuildPhase section */

/* Begin XCBuildConfiguration section */
		C687B3802C38855A00ED6F78 /* Debug */ = {
			isa = XCBuildConfiguration;
			buildSettings = {
				ALWAYS_SEARCH_USER_PATHS = NO;
				ASSETCATALOG_COMPILER_GENERATE_SWIFT_ASSET_SYMBOL_EXTENSIONS = YES;
				CLANG_ANALYZER_NONNULL = YES;
				CLANG_ANALYZER_NUMBER_OBJECT_CONVERSION = YES_AGGRESSIVE;
				CLANG_CXX_LANGUAGE_STANDARD = "gnu++20";
				CLANG_ENABLE_MODULES = YES;
				CLANG_ENABLE_OBJC_ARC = YES;
				CLANG_ENABLE_OBJC_WEAK = YES;
				CLANG_WARN_BLOCK_CAPTURE_AUTORELEASING = YES;
				CLANG_WARN_BOOL_CONVERSION = YES;
				CLANG_WARN_COMMA = YES;
				CLANG_WARN_CONSTANT_CONVERSION = YES;
				CLANG_WARN_DEPRECATED_OBJC_IMPLEMENTATIONS = YES;
				CLANG_WARN_DIRECT_OBJC_ISA_USAGE = YES_ERROR;
				CLANG_WARN_DOCUMENTATION_COMMENTS = YES;
				CLANG_WARN_EMPTY_BODY = YES;
				CLANG_WARN_ENUM_CONVERSION = YES;
				CLANG_WARN_INFINITE_RECURSION = YES;
				CLANG_WARN_INT_CONVERSION = YES;
				CLANG_WARN_NON_LITERAL_NULL_CONVERSION = YES;
				CLANG_WARN_OBJC_IMPLICIT_RETAIN_SELF = YES;
				CLANG_WARN_OBJC_LITERAL_CONVERSION = YES;
				CLANG_WARN_OBJC_ROOT_CLASS = YES_ERROR;
				CLANG_WARN_QUOTED_INCLUDE_IN_FRAMEWORK_HEADER = YES;
				CLANG_WARN_RANGE_LOOP_ANALYSIS = YES;
				CLANG_WARN_STRICT_PROTOTYPES = YES;
				CLANG_WARN_SUSPICIOUS_MOVE = YES;
				CLANG_WARN_UNGUARDED_AVAILABILITY = YES_AGGRESSIVE;
				CLANG_WARN_UNREACHABLE_CODE = YES;
				CLANG_WARN__DUPLICATE_METHOD_MATCH = YES;
				COPY_PHASE_STRIP = NO;
				DEBUG_INFORMATION_FORMAT = dwarf;
				ENABLE_STRICT_OBJC_MSGSEND = YES;
				ENABLE_TESTABILITY = YES;
				ENABLE_USER_SCRIPT_SANDBOXING = YES;
				GCC_C_LANGUAGE_STANDARD = gnu17;
				GCC_DYNAMIC_NO_PIC = NO;
				GCC_NO_COMMON_BLOCKS = YES;
				GCC_OPTIMIZATION_LEVEL = 0;
				GCC_PREPROCESSOR_DEFINITIONS = (
					"DEBUG=1",
					"$(inherited)",
				);
				GCC_WARN_64_TO_32_BIT_CONVERSION = YES;
				GCC_WARN_ABOUT_RETURN_TYPE = YES_ERROR;
				GCC_WARN_UNDECLARED_SELECTOR = YES;
				GCC_WARN_UNINITIALIZED_AUTOS = YES_AGGRESSIVE;
				GCC_WARN_UNUSED_FUNCTION = YES;
				GCC_WARN_UNUSED_VARIABLE = YES;
				IPHONEOS_DEPLOYMENT_TARGET = 17.2;
				LOCALIZATION_PREFERS_STRING_CATALOGS = YES;
				MTL_ENABLE_DEBUG_INFO = INCLUDE_SOURCE;
				MTL_FAST_MATH = YES;
				ONLY_ACTIVE_ARCH = YES;
				SDKROOT = iphoneos;
				SWIFT_ACTIVE_COMPILATION_CONDITIONS = "DEBUG $(inherited)";
				SWIFT_OPTIMIZATION_LEVEL = "-Onone";
			};
			name = Debug;
		};
		C687B3812C38855A00ED6F78 /* Release */ = {
			isa = XCBuildConfiguration;
			buildSettings = {
				ALWAYS_SEARCH_USER_PATHS = NO;
				ASSETCATALOG_COMPILER_GENERATE_SWIFT_ASSET_SYMBOL_EXTENSIONS = YES;
				CLANG_ANALYZER_NONNULL = YES;
				CLANG_ANALYZER_NUMBER_OBJECT_CONVERSION = YES_AGGRESSIVE;
				CLANG_CXX_LANGUAGE_STANDARD = "gnu++20";
				CLANG_ENABLE_MODULES = YES;
				CLANG_ENABLE_OBJC_ARC = YES;
				CLANG_ENABLE_OBJC_WEAK = YES;
				CLANG_WARN_BLOCK_CAPTURE_AUTORELEASING = YES;
				CLANG_WARN_BOOL_CONVERSION = YES;
				CLANG_WARN_COMMA = YES;
				CLANG_WARN_CONSTANT_CONVERSION = YES;
				CLANG_WARN_DEPRECATED_OBJC_IMPLEMENTATIONS = YES;
				CLANG_WARN_DIRECT_OBJC_ISA_USAGE = YES_ERROR;
				CLANG_WARN_DOCUMENTATION_COMMENTS = YES;
				CLANG_WARN_EMPTY_BODY = YES;
				CLANG_WARN_ENUM_CONVERSION = YES;
				CLANG_WARN_INFINITE_RECURSION = YES;
				CLANG_WARN_INT_CONVERSION = YES;
				CLANG_WARN_NON_LITERAL_NULL_CONVERSION = YES;
				CLANG_WARN_OBJC_IMPLICIT_RETAIN_SELF = YES;
				CLANG_WARN_OBJC_LITERAL_CONVERSION = YES;
				CLANG_WARN_OBJC_ROOT_CLASS = YES_ERROR;
				CLANG_WARN_QUOTED_INCLUDE_IN_FRAMEWORK_HEADER = YES;
				CLANG_WARN_RANGE_LOOP_ANALYSIS = YES;
				CLANG_WARN_STRICT_PROTOTYPES = YES;
				CLANG_WARN_SUSPICIOUS_MOVE = YES;
				CLANG_WARN_UNGUARDED_AVAILABILITY = YES_AGGRESSIVE;
				CLANG_WARN_UNREACHABLE_CODE = YES;
				CLANG_WARN__DUPLICATE_METHOD_MATCH = YES;
				COPY_PHASE_STRIP = NO;
				DEBUG_INFORMATION_FORMAT = "dwarf-with-dsym";
				ENABLE_NS_ASSERTIONS = NO;
				ENABLE_STRICT_OBJC_MSGSEND = YES;
				ENABLE_USER_SCRIPT_SANDBOXING = YES;
				GCC_C_LANGUAGE_STANDARD = gnu17;
				GCC_NO_COMMON_BLOCKS = YES;
				GCC_WARN_64_TO_32_BIT_CONVERSION = YES;
				GCC_WARN_ABOUT_RETURN_TYPE = YES_ERROR;
				GCC_WARN_UNDECLARED_SELECTOR = YES;
				GCC_WARN_UNINITIALIZED_AUTOS = YES_AGGRESSIVE;
				GCC_WARN_UNUSED_FUNCTION = YES;
				GCC_WARN_UNUSED_VARIABLE = YES;
				IPHONEOS_DEPLOYMENT_TARGET = 17.2;
				LOCALIZATION_PREFERS_STRING_CATALOGS = YES;
				MTL_ENABLE_DEBUG_INFO = NO;
				MTL_FAST_MATH = YES;
				SDKROOT = iphoneos;
				SWIFT_COMPILATION_MODE = wholemodule;
				VALIDATE_PRODUCT = YES;
			};
			name = Release;
		};
		C687B3832C38855A00ED6F78 /* Debug */ = {
			isa = XCBuildConfiguration;
			buildSettings = {
				ASSETCATALOG_COMPILER_APPICON_NAME = AppIcon;
				ASSETCATALOG_COMPILER_GLOBAL_ACCENT_COLOR_NAME = AccentColor;
				CODE_SIGN_STYLE = Automatic;
				CURRENT_PROJECT_VERSION = 1;
				DEVELOPMENT_ASSET_PATHS = "\"Devote/Preview Content\"";
				DEVELOPMENT_TEAM = 782F49UM3S;
				ENABLE_PREVIEWS = YES;
				GENERATE_INFOPLIST_FILE = YES;
				INFOPLIST_FILE = Devote/Info.plist;
				INFOPLIST_KEY_UIApplicationSceneManifest_Generation = YES;
				INFOPLIST_KEY_UIApplicationSupportsIndirectInputEvents = YES;
				INFOPLIST_KEY_UISupportedInterfaceOrientations = UIInterfaceOrientationPortrait;
				INFOPLIST_KEY_UISupportedInterfaceOrientations_iPad = "UIInterfaceOrientationLandscapeLeft UIInterfaceOrientationLandscapeRight UIInterfaceOrientationPortrait UIInterfaceOrientationPortraitUpsideDown";
				LD_RUNPATH_SEARCH_PATHS = (
					"$(inherited)",
					"@executable_path/Frameworks",
				);
				MARKETING_VERSION = 1.0;
				PRODUCT_BUNDLE_IDENTIFIER = com.intercam.dbatista.Devote;
				PRODUCT_NAME = "$(TARGET_NAME)";
				SWIFT_EMIT_LOC_STRINGS = YES;
				SWIFT_VERSION = 5.0;
				TARGETED_DEVICE_FAMILY = "1,2";
			};
			name = Debug;
		};
		C687B3842C38855A00ED6F78 /* Release */ = {
			isa = XCBuildConfiguration;
			buildSettings = {
				ASSETCATALOG_COMPILER_APPICON_NAME = AppIcon;
				ASSETCATALOG_COMPILER_GLOBAL_ACCENT_COLOR_NAME = AccentColor;
				CODE_SIGN_STYLE = Automatic;
				CURRENT_PROJECT_VERSION = 1;
				DEVELOPMENT_ASSET_PATHS = "\"Devote/Preview Content\"";
				DEVELOPMENT_TEAM = 782F49UM3S;
				ENABLE_PREVIEWS = YES;
				GENERATE_INFOPLIST_FILE = YES;
				INFOPLIST_FILE = Devote/Info.plist;
				INFOPLIST_KEY_UIApplicationSceneManifest_Generation = YES;
				INFOPLIST_KEY_UIApplicationSupportsIndirectInputEvents = YES;
				INFOPLIST_KEY_UISupportedInterfaceOrientations = UIInterfaceOrientationPortrait;
				INFOPLIST_KEY_UISupportedInterfaceOrientations_iPad = "UIInterfaceOrientationLandscapeLeft UIInterfaceOrientationLandscapeRight UIInterfaceOrientationPortrait UIInterfaceOrientationPortraitUpsideDown";
				LD_RUNPATH_SEARCH_PATHS = (
					"$(inherited)",
					"@executable_path/Frameworks",
				);
				MARKETING_VERSION = 1.0;
				PRODUCT_BUNDLE_IDENTIFIER = com.intercam.dbatista.Devote;
				PRODUCT_NAME = "$(TARGET_NAME)";
				SWIFT_EMIT_LOC_STRINGS = YES;
				SWIFT_VERSION = 5.0;
				TARGETED_DEVICE_FAMILY = "1,2";
			};
			name = Release;
		};
/* End XCBuildConfiguration section */

/* Begin XCConfigurationList section */
		C687B36A2C38855900ED6F78 /* Build configuration list for PBXProject "Devote" */ = {
			isa = XCConfigurationList;
			buildConfigurations = (
				C687B3802C38855A00ED6F78 /* Debug */,
				C687B3812C38855A00ED6F78 /* Release */,
			);
			defaultConfigurationIsVisible = 0;
			defaultConfigurationName = Release;
		};
		C687B3822C38855A00ED6F78 /* Build configuration list for PBXNativeTarget "Devote" */ = {
			isa = XCConfigurationList;
			buildConfigurations = (
				C687B3832C38855A00ED6F78 /* Debug */,
				C687B3842C38855A00ED6F78 /* Release */,
			);
			defaultConfigurationIsVisible = 0;
			defaultConfigurationName = Release;
		};
/* End XCConfigurationList section */

/* Begin XCVersionGroup section */
		C687B3922C38AEE800ED6F78 /* Devote.xcdatamodeld */ = {
			isa = XCVersionGroup;
			children = (
				C687B3932C38AEE800ED6F78 /* Devote.xcdatamodel */,
			);
			currentVersion = C687B3932C38AEE800ED6F78 /* Devote.xcdatamodel */;
			path = Devote.xcdatamodeld;
			sourceTree = "<group>";
			versionGroupType = wrapper.xcdatamodel;
		};
/* End XCVersionGroup section */
	};
	rootObject = C687B3672C38855900ED6F78 /* Project object */;
}
